PODS:
  - APAddressBook (0.2.3):
    - APAddressBook/Core (= 0.2.3)
  - APAddressBook/Core (0.2.3)
  - AutoCoding (2.2.2)
  - BFKit (1.9.2)
  - BLKFlexibleHeightBar (1.0.2)
  - BlocksKit (2.2.5):
    - BlocksKit/All (= 2.2.5)
  - BlocksKit/All (2.2.5):
    - BlocksKit/Core
    - BlocksKit/DynamicDelegate
    - BlocksKit/MessageUI
    - BlocksKit/UIKit
  - BlocksKit/Core (2.2.5)
  - BlocksKit/DynamicDelegate (2.2.5)
  - BlocksKit/MessageUI (2.2.5):
    - BlocksKit/Core
    - BlocksKit/DynamicDelegate
  - BlocksKit/UIKit (2.2.5):
    - BlocksKit/Core
    - BlocksKit/DynamicDelegate
  - Bolts (1.8.4):
    - Bolts/AppLinks (= 1.8.4)
    - Bolts/Tasks (= 1.8.4)
  - Bolts/AppLinks (1.8.4):
    - Bolts/Tasks
  - Bolts/Tasks (1.8.4)
  - Branch (0.12.4):
    - Branch/Core (= 0.12.4)
    - Branch/without-IDFA (= 0.12.4)
  - Branch/Core (0.12.4)
  - Branch/without-IDFA (0.12.4)
  - CocoaLumberjack (2.3.0):
    - CocoaLumberjack/Default (= 2.3.0)
    - CocoaLumberjack/Extensions (= 2.3.0)
  - CocoaLumberjack/Core (2.3.0)
  - CocoaLumberjack/Default (2.3.0):
    - CocoaLumberjack/Core
  - CocoaLumberjack/Extensions (2.3.0):
    - CocoaLumberjack/Default
  - Crashlytics (3.7.2):
    - Fabric (~> 1.6.3)
  - DateTools (1.7.0)
  - DGActivityIndicatorView (2.0)
  - Digits (2.3.0):
    - TwitterCore (= 2.3.0)
  - EKAlgorithms (0.2)
  - Fabric (1.6.7)
  - FBSDKCoreKit (4.14.0):
    - Bolts (~> 1.7)
  - FBSDKLoginKit (4.14.0):
    - FBSDKCoreKit
  - FLEX (2.3.0)
  - FLKAutoLayout (0.2.1)
  - FormatterKit (1.8.1):
    - FormatterKit/AddressFormatter (= 1.8.1)
    - FormatterKit/ArrayFormatter (= 1.8.1)
    - FormatterKit/ColorFormatter (= 1.8.1)
    - FormatterKit/LocationFormatter (= 1.8.1)
    - FormatterKit/NameFormatter (= 1.8.1)
    - FormatterKit/OrdinalNumberFormatter (= 1.8.1)
    - FormatterKit/Resources (= 1.8.1)
    - FormatterKit/TimeIntervalFormatter (= 1.8.1)
    - FormatterKit/UnitOfInformationFormatter (= 1.8.1)
    - FormatterKit/URLRequestFormatter (= 1.8.1)
  - FormatterKit/AddressFormatter (1.8.1):
    - FormatterKit/Resources
  - FormatterKit/ArrayFormatter (1.8.1):
    - FormatterKit/Resources
  - FormatterKit/ColorFormatter (1.8.1):
    - FormatterKit/Resources
  - FormatterKit/LocationFormatter (1.8.1):
    - FormatterKit/Resources
  - FormatterKit/NameFormatter (1.8.1):
    - FormatterKit/Resources
  - FormatterKit/OrdinalNumberFormatter (1.8.1):
    - FormatterKit/Resources
  - FormatterKit/Resources (1.8.1)
  - FormatterKit/TimeIntervalFormatter (1.8.1):
    - FormatterKit/Resources
  - FormatterKit/UnitOfInformationFormatter (1.8.1):
    - FormatterKit/Resources
  - FormatterKit/URLRequestFormatter (1.8.1):
    - FormatterKit/Resources
  - FXLabel (1.5.9)
  - GCDObjC (0.3.0)
  - Gizou (0.1.3)
  - Harpy (4.0.3)
  - IHKeyboardAvoiding (2.6)
  - Intercom (3.0.0)
  - libPhoneNumber-iOS (0.8.15)
  - LinqToObjectiveC (2.1.0)
  - LMGeocoder (1.0.7)
  - Masonry (0.6.4)
  - Mixpanel (3.0.0):
    - Mixpanel/Mixpanel (= 3.0.0)
  - Mixpanel/Mixpanel (3.0.0)
  - NUI (0.5.5):
    - NUIParse
  - NUIParse (1.3)
  - ObjectiveSugar (1.1.0)
  - OCMock (3.1.2)
  - ORStackView (3.0.1):
    - FLKAutoLayout (~> 0.2)
  - Parse (1.14.1):
    - Bolts/Tasks (~> 1.8)
  - ParseFacebookUtilsV4 (1.11.1):
    - Bolts/Tasks (>= 1.6)
    - FBSDKCoreKit (~> 4.10)
    - FBSDKLoginKit (~> 4.10)
    - FBSDKTVOSKit (~> 4.10)
    - Parse (~> 1.12)
  - ParseUI (1.2.0):
    - Bolts/Tasks (~> 1.3)
    - Parse (~> 1.9)
  - Reachability (3.2)
  - ReactiveCocoa (4.2.1):
    - Result (~> 2.0)
  - ReflectableEnum (0.1.2)
  - Result (2.1.3)
  - Reveal-iOS-SDK (1.6.2)
  - SDWebImage (3.8.1):
    - SDWebImage/Core (= 3.8.1)
  - SDWebImage/Core (3.8.1)
  - SSDataSources (0.8.5)
  - Stripe (8.0.2)
  - SVProgressHUD (2.0.3)
  - SVPullToRefresh (0.4.1)
  - SwiftDate (3.0.8)
  - THContactPicker (1.2)
  - TTTAttributedLabel (2.0.0)
  - TwitterCore (2.3.0):
    - Fabric
  - Typhoon (3.5.1):
    - Typhoon/no-arc (= 3.5.1)
  - Typhoon/no-arc (3.5.1)
  - YapDatabase (2.9.1):
    - YapDatabase/Standard (= 2.9.1)
  - YapDatabase/Standard (2.9.1):
    - YapDatabase/Standard/Core (= 2.9.1)
    - YapDatabase/Standard/Extensions (= 2.9.1)
  - YapDatabase/Standard/Core (2.9.1):
    - CocoaLumberjack (~> 2)
  - YapDatabase/Standard/Extensions (2.9.1):
    - YapDatabase/Standard/Core
    - YapDatabase/Standard/Extensions/ActionManager (= 2.9.1)
    - YapDatabase/Standard/Extensions/CloudKit (= 2.9.1)
    - YapDatabase/Standard/Extensions/ConnectionProxy (= 2.9.1)
    - YapDatabase/Standard/Extensions/CrossProcessNotification (= 2.9.1)
    - YapDatabase/Standard/Extensions/FilteredViews (= 2.9.1)
    - YapDatabase/Standard/Extensions/FullTextSearch (= 2.9.1)
    - YapDatabase/Standard/Extensions/Hooks (= 2.9.1)
    - YapDatabase/Standard/Extensions/Relationships (= 2.9.1)
    - YapDatabase/Standard/Extensions/RTreeIndex (= 2.9.1)
    - YapDatabase/Standard/Extensions/SearchResults (= 2.9.1)
    - YapDatabase/Standard/Extensions/SecondaryIndex (= 2.9.1)
    - YapDatabase/Standard/Extensions/Views (= 2.9.1)
  - YapDatabase/Standard/Extensions/ActionManager (2.9.1):
    - Reachability (~> 3)
    - YapDatabase/Standard/Core
    - YapDatabase/Standard/Extensions/Views
  - YapDatabase/Standard/Extensions/CloudKit (2.9.1):
    - YapDatabase/Standard/Core
  - YapDatabase/Standard/Extensions/ConnectionProxy (2.9.1):
    - YapDatabase/Standard/Core
  - YapDatabase/Standard/Extensions/CrossProcessNotification (2.9.1):
    - YapDatabase/Standard/Core
  - YapDatabase/Standard/Extensions/FilteredViews (2.9.1):
    - YapDatabase/Standard/Core
    - YapDatabase/Standard/Extensions/Views
  - YapDatabase/Standard/Extensions/FullTextSearch (2.9.1):
    - YapDatabase/Standard/Core
  - YapDatabase/Standard/Extensions/Hooks (2.9.1):
    - YapDatabase/Standard/Core
  - YapDatabase/Standard/Extensions/Relationships (2.9.1):
    - YapDatabase/Standard/Core
  - YapDatabase/Standard/Extensions/RTreeIndex (2.9.1):
    - YapDatabase/Standard/Core
  - YapDatabase/Standard/Extensions/SearchResults (2.9.1):
    - YapDatabase/Standard/Core
    - YapDatabase/Standard/Extensions/FullTextSearch
    - YapDatabase/Standard/Extensions/Views
  - YapDatabase/Standard/Extensions/SecondaryIndex (2.9.1):
    - YapDatabase/Standard/Core
  - YapDatabase/Standard/Extensions/Views (2.9.1):
    - YapDatabase/Standard/Core
  - YLMoment (0.2.0)

DEPENDENCIES:
  - APAddressBook (~> 0.2.1)
  - AutoCoding (~> 2.2)
  - BFKit
  - BLKFlexibleHeightBar
  - BlocksKit (~> 2.2)
  - Bolts
  - Branch
  - CocoaLumberjack
  - Crashlytics
  - DateTools (~> 1.6)
  - DGActivityIndicatorView
  - Digits
  - EKAlgorithms (~> 0.2)
  - Fabric
  - FBSDKCoreKit
  - FLEX (~> 2.0)
  - FormatterKit (~> 1.8)
  - FXLabel
  - GCDObjC (~> 0.2)
  - Gizou
  - Harpy
  - IHKeyboardAvoiding
  - Intercom
  - libPhoneNumber-iOS (~> 0.8)
  - LinqToObjectiveC (~> 2.0)
  - LMGeocoder
  - Masonry (~> 0.6)
  - Mixpanel
  - NUI (~> 0.5)
  - ObjectiveSugar
  - OCMock (= 3.1.2)
  - ORStackView
  - Parse
  - ParseFacebookUtilsV4
  - ParseUI
  - ReactiveCocoa
  - ReflectableEnum
  - Reveal-iOS-SDK
  - SDWebImage (~> 3.7)
  - SSDataSources (~> 0.8)
  - Stripe
  - SVProgressHUD
  - SVPullToRefresh
  - SwiftDate
  - THContactPicker (~> 1.2)
  - TTTAttributedLabel
  - Typhoon (~> 3.3)
  - YapDatabase (~> 2.7)
  - YLMoment (~> 0.2.0)

SPEC CHECKSUMS:
  APAddressBook: 2a91bf05999548bea210ec9d1a68073f4dc8bfce
  AutoCoding: 56fa46dbfa89d44189a26ce64e6a470ed8ff4661
  BFKit: c8f1a85a04f8d350089da8693806a472d475d1f8
  BLKFlexibleHeightBar: b27572a69633d8e33f1f2bbc486b04d8e86f742d
  BlocksKit: 7f422b971407001178d181a43b99014ea2591fe6
  Bolts: 8a7995239dbe724f9cba2248b766d48b7ebdd322
  Branch: f5a2eada319b7ac0c7e492c195c6c23f3cf345e3
  CocoaLumberjack: 97fab7ee5f507fe54445cca7ea80f926729cfd15
  Crashlytics: 130ab943f8c78cda7a814b434f270b2e2c8a3cba
  DateTools: 53288ee8b905fdc75897a1e6b5cc0144b14cba60
  DGActivityIndicatorView: 52875b025a6ccf6a431a905285c12e2bb95eb559
  Digits: af82d24ec38035cc555b60f55cca5abc68a76bed
  EKAlgorithms: 83488651734ba3a63956fcb783b10e82d2ec3388
  Fabric: caf7580c725e64db144f610ac65cd60956911dc7
  FBSDKCoreKit: 6e020b5db0b5bd1e01f5fb0902131befd129a502
  FBSDKLoginKit: da563567a108050ef83739c8c8c001ee9e25fa13
  FLEX: ba80ea13d2c784e85e616137fd4eff164781e364
  FLKAutoLayout: 9db6b30c2008d230da608e62c607b11c23b942e6
  FormatterKit: 11ad17b983200629246a5a466f6f1bfa2df823cb
  FXLabel: 877f56a3e0ef76b223c67dea3f442c12d3a1d55c
  GCDObjC: 0c31898f34d8605196ac0343c65b496609d7dee6
  Gizou: 93853bf634a9382c257795db052aa9a75e972c43
  Harpy: 9f3e4016375d4df99d64d05c98d351874ced8328
  IHKeyboardAvoiding: d2541ee56dad83e160cd9aed0468c52247af6f49
  Intercom: 5eeaa2828f19eefc1e887c543edba6b521db9f67
  libPhoneNumber-iOS: 62a740e1ea5741060f5cec0f788b52071115cf31
  LinqToObjectiveC: f0e40c137a458b6b9725c4c7b6a575c0c72e3aec
  LMGeocoder: 116e771bce773c82dbac9f59f443129dd26088a3
  Masonry: 281802d04d787ea2973179ee8bcb50500579ede2
  Mixpanel: ac92056ee35a961362513ba11049e67cffcaa1f1
  NUI: 53de7278003235deb2a375fe6f04c7a3aa3e49eb
  NUIParse: 2e3885ba7807477266396292626bd387d34c2338
  ObjectiveSugar: a6a25f23d657c19df0a0b972466d5b5ca9f5295c
  OCMock: a10ea9f0a6e921651f96f78b6faee95ebc813b92
  ORStackView: a1bb52748cd0ae29891c140baf22ff8972fb363c
  Parse: 4f72b1c01b3fc9038bea045681b6cc1b070c081e
  ParseFacebookUtilsV4: 2f30c2b7021c8005d3042781da7ef87d06589421
  ParseUI: af2eba584799da4a9fbdac0e178662d7438b502e
  Reachability: 33e18b67625424e47b6cde6d202dce689ad7af96
  ReactiveCocoa: 5a42745f11ea236f405bb9ce5e97c5e3b23562dd
  ReflectableEnum: dc2fa83bba1e74df3a2f319c2ffaea55fd95887e
  Result: 18e1a7597fbcca5923c565b40a25a98afafdee02
  Reveal-iOS-SDK: e2250b3c155bcfac53ae223ddc1f76d08f206c33
  SDWebImage: 35f9627a3e44b4f292a8a8ce6a531fa488239b91
  SSDataSources: b01170fb23b82acf0649194e9189b0bf5f702681
  Stripe: 3dfcde17037996e00db0a2f6dbfdedb7ad2ae55b
  SVProgressHUD: b0830714205bea1317ea1a2ebc71e5633af334d4
  SVPullToRefresh: ba2e718695a43253d8bea6852d2960097dc15d8c
  SwiftDate: 971f8b9394f664f2226b9c3ab64e801a7291c612
  THContactPicker: e723f7c6ab6e1d6d10d59d618322ab8bfcb00365
  TTTAttributedLabel: 8cffe8e127e4e82ff3af1e5386d4cd0ad000b656
  TwitterCore: 817eae3e291fa4125b47789e26a4f6f024115c1f
  Typhoon: c0950bb9f2e835eb8a7dc6983160109b6baf2dda
  YapDatabase: 713d4018cfacbd6e77dd430710ca84730e450980
  YLMoment: af44d9d402790049e5490fa6eae9585b89b4090b

PODFILE CHECKSUM: 44d09dde51ed643e45f4ad1d1013e8ffeaeb7de4

COCOAPODS: 1.0.1
