PODS:
  - APAddressBook (0.1.13):
    - APAddressBook/Core (= 0.1.13)
  - APAddressBook/Core (0.1.13)
  - AutoCoding (2.2.1)
  - BFKit (1.7.0)
  - BlocksKit (2.2.5):
    - BlocksKit/All (= 2.2.5)
  - BlocksKit/All (2.2.5):
    - BlocksKit/Core
    - BlocksKit/DynamicDelegate
    - BlocksKit/MessageUI
    - BlocksKit/UIKit
  - BlocksKit/Core (2.2.5)
  - BlocksKit/DynamicDelegate (2.2.5)
  - BlocksKit/MessageUI (2.2.5):
    - BlocksKit/Core
    - BlocksKit/DynamicDelegate
  - BlocksKit/UIKit (2.2.5):
    - BlocksKit/Core
    - BlocksKit/DynamicDelegate
  - Bolts (1.2.2):
    - Bolts/AppLinks (= 1.2.2)
    - Bolts/Tasks (= 1.2.2)
  - Bolts/AppLinks (1.2.2):
    - Bolts/Tasks
  - Bolts/Tasks (1.2.2)
  - CocoaLumberjack (2.0.1):
    - CocoaLumberjack/Default (= 2.0.1)
    - CocoaLumberjack/Extensions (= 2.0.1)
  - CocoaLumberjack/Core (2.0.1)
  - CocoaLumberjack/Default (2.0.1):
    - CocoaLumberjack/Core
  - CocoaLumberjack/Extensions (2.0.1):
    - CocoaLumberjack/Default
  - Crashlytics (3.3.1)
  - DateTools (1.7.0)
  - Digits (1.11.1)
  - EKAlgorithms (0.2)
  - Fabric (1.5.1):
    - Fabric/Base (= 1.5.1)
  - Fabric/Base (1.5.1)
  - Facebook-iOS-SDK (3.24.0):
    - Bolts (~> 1.2)
  - FBSDKCoreKit (4.6.0):
    - Bolts (~> 1.1)
    - FBSDKCoreKit/arc (= 4.6.0)
    - FBSDKCoreKit/no-arc (= 4.6.0)
  - FBSDKCoreKit/arc (4.6.0):
    - Bolts (~> 1.1)
  - FBSDKCoreKit/no-arc (4.6.0):
    - Bolts (~> 1.1)
    - FBSDKCoreKit/arc
  - FBSDKLoginKit (4.6.0):
    - FBSDKCoreKit
  - FBSDKShareKit (4.6.0):
    - FBSDKCoreKit
  - FLKAutoLayout (0.2.1)
  - GCDObjC (0.2.0)
  - Gizou (0.1.3)
  - iCarousel (1.8.2)
  - libPhoneNumber-iOS (0.8.7)
  - LinqToObjectiveC (2.0.0)
  - Masonry (0.6.3)
  - NUI (0.5.5):
    - NUIParse
  - NUIParse (1.2.1)
  - ObjectiveSugar (1.1.0)
  - OCMock (3.1.2)
  - Onboard (2.1.7)
  - ORStackView (3.0.1):
    - FLKAutoLayout (~> 0.2)
  - Parse (1.8.5):
    - Bolts/Tasks (>= 1.2.2)
  - ParseFacebookUtils (1.8.5):
    - Bolts/Tasks (>= 1.2.2)
    - Facebook-iOS-SDK (~> 3.24)
    - Parse (~> 1.8.5)
  - ReactiveCocoa (2.5):
    - ReactiveCocoa/UI (= 2.5)
  - ReactiveCocoa/Core (2.5):
    - ReactiveCocoa/no-arc
  - ReactiveCocoa/no-arc (2.5)
  - ReactiveCocoa/UI (2.5):
    - ReactiveCocoa/Core
  - ReflectableEnum (0.1.1)
  - Reveal-iOS-SDK (1.5.1)
  - SDWebImage (3.7.3):
    - SDWebImage/Core (= 3.7.3)
  - SDWebImage/Core (3.7.3)
  - SSDataSources (0.8.5)
  - SVPullToRefresh (0.4.1)
  - TwitterCore (1.11.1)
  - YapDatabase (2.7.2):
    - YapDatabase/standard (= 2.7.2)
  - YapDatabase/standard (2.7.2):
    - CocoaLumberjack (~> 2)
  - YLMoment (0.2.0)

DEPENDENCIES:
  - APAddressBook
  - AutoCoding (~> 2.2)
  - BFKit
  - BlocksKit (~> 2.2)
  - Bolts
  - CocoaLumberjack
  - Crashlytics
  - DateTools (~> 1.6)
  - Digits
  - EKAlgorithms (~> 0.2)
  - Fabric
  - FBSDKCoreKit
  - FBSDKLoginKit
  - FBSDKShareKit
  - GCDObjC (~> 0.2)
  - Gizou
  - iCarousel (~> 1.8)
  - libPhoneNumber-iOS (~> 0.8)
  - LinqToObjectiveC (~> 2.0)
  - Masonry (~> 0.6)
  - NUI (~> 0.5)
  - ObjectiveSugar
  - OCMock (= 3.1.2)
  - Onboard
  - ORStackView
  - Parse
  - ParseFacebookUtils
  - ReactiveCocoa (= 2.5)
  - ReflectableEnum
  - Reveal-iOS-SDK
  - SDWebImage (~> 3.7)
  - SSDataSources (~> 0.8)
  - SVPullToRefresh
  - TwitterCore
  - YapDatabase (~> 2.7)
  - YLMoment (~> 0.2.0)

SPEC CHECKSUMS:
  APAddressBook: fcd5ee526abaabbf2c06bfa8d857016c95ba76f0
  AutoCoding: b47e528426c84346371dd532b8e6458929e4da34
  BFKit: d2d202d8b5775bc13c60c36692fdc288b0af45c8
  BlocksKit: 7f422b971407001178d181a43b99014ea2591fe6
  Bolts: 20a2bd788273360cb1e31530dc19b8544eef2544
  CocoaLumberjack: 019d1361244274a6138c788c6cb80baabc13fb8f
  Crashlytics: 0e61bdda9def51f1e99720f804eebe94865442b2
  DateTools: 53288ee8b905fdc75897a1e6b5cc0144b14cba60
  Digits: 26b8c95c7f7e96ca32f615ea263de3e157355888
  EKAlgorithms: 83488651734ba3a63956fcb783b10e82d2ec3388
  Fabric: 03c3b3fe77e11a2bc31421b989a9c7adaa4779a5
  Facebook-iOS-SDK: cb209af2e67e3a5d323f966c22e4e482e819405e
  FBSDKCoreKit: 9954492d90c5fd65ae831395697a1660360d61f1
  FBSDKLoginKit: 3d07febbfa884b9878cacba54f705bb41f07d4b6
  FBSDKShareKit: f474f1123791e215d0299b98b3ee92ddd9187d86
  FLKAutoLayout: 9db6b30c2008d230da608e62c607b11c23b942e6
  GCDObjC: adcd9941029e3628de539347d3a6777470a65998
  Gizou: 93853bf634a9382c257795db052aa9a75e972c43
  iCarousel: 67c8a43da5a46795b56aadfc96cd36a16f6149b2
  libPhoneNumber-iOS: 1bccd3288375d954b0b904e26061cecaa0fb83d6
  LinqToObjectiveC: 768f98c62d5b57cb6bdb7ab869e33d0a7a2da29c
  Masonry: ff105a956abcd19a618b2028b121cb638d7a8e2f
  NUI: 53de7278003235deb2a375fe6f04c7a3aa3e49eb
  NUIParse: 9b6d5a6b782dc654ac6c846d623885080306f07f
  ObjectiveSugar: a6a25f23d657c19df0a0b972466d5b5ca9f5295c
  OCMock: a10ea9f0a6e921651f96f78b6faee95ebc813b92
  Onboard: 87648089e1b76d13b4f5bf8f7a1cdb144092f0af
  ORStackView: a1bb52748cd0ae29891c140baf22ff8972fb363c
  Parse: 17ad8e0677ed682f7f00503860fcda0f4eb74168
  ParseFacebookUtils: 839b5f4a11aa1064a8e2c4be9babeaf052d54138
  ReactiveCocoa: e2db045570aa97c695e7aa97c2bcab222ae51f4a
  ReflectableEnum: bf9d36f8c35122242125140a22b8921d071989aa
  Reveal-iOS-SDK: c9c55cad2729c85f6ced415f1b21857c9a2d8ef9
  SDWebImage: 1d2b1a1efda1ade1b00b6f8498865f8ddedc8a84
  SSDataSources: b01170fb23b82acf0649194e9189b0bf5f702681
  SVPullToRefresh: ba2e718695a43253d8bea6852d2960097dc15d8c
  TwitterCore: 9ec69df7571207044b1a2f57ae2c87fe73348ac5
  YapDatabase: bcf13bd764ab4961fb48bef937becf964e50063d
  YLMoment: af44d9d402790049e5490fa6eae9585b89b4090b

COCOAPODS: 0.38.2
