PODS:
  - APAddressBook (0.2.1):
    - APAddressBook/Core (= 0.2.1)
  - APAddressBook/Core (0.2.1)
  - AutoCoding (2.2.1)
  - BFKit (1.7.1)
  - BlocksKit (2.2.5):
    - BlocksKit/All (= 2.2.5)
  - BlocksKit/All (2.2.5):
    - BlocksKit/Core
    - BlocksKit/DynamicDelegate
    - BlocksKit/MessageUI
    - BlocksKit/UIKit
  - BlocksKit/Core (2.2.5)
  - BlocksKit/DynamicDelegate (2.2.5)
  - BlocksKit/MessageUI (2.2.5):
    - BlocksKit/Core
    - BlocksKit/DynamicDelegate
  - BlocksKit/UIKit (2.2.5):
    - BlocksKit/Core
    - BlocksKit/DynamicDelegate
  - Bolts (1.4.0):
    - Bolts/AppLinks (= 1.4.0)
    - Bolts/Tasks (= 1.4.0)
  - Bolts/AppLinks (1.4.0):
    - Bolts/Tasks
  - Bolts/Tasks (1.4.0)
  - CocoaLumberjack (2.2.0):
    - CocoaLumberjack/Default (= 2.2.0)
    - CocoaLumberjack/Extensions (= 2.2.0)
  - CocoaLumberjack/Core (2.2.0)
  - CocoaLumberjack/Default (2.2.0):
    - CocoaLumberjack/Core
  - CocoaLumberjack/Extensions (2.2.0):
    - CocoaLumberjack/Default
  - Crashlytics (3.4.0):
    - Fabric (~> 1.6.0)
  - DateTools (1.7.0)
  - Digits (1.12.1):
    - TwitterCore (= 1.12.1)
  - EKAlgorithms (0.2)
  - Fabric (1.6.0):
    - Fabric/Base (= 1.6.0)
  - Fabric/Base (1.6.0)
  - FBSDKCoreKit (4.7.1):
    - Bolts (~> 1.1)
    - FBSDKCoreKit/arc (= 4.7.1)
    - FBSDKCoreKit/no-arc (= 4.7.1)
  - FBSDKCoreKit/arc (4.7.1):
    - Bolts (~> 1.1)
  - FBSDKCoreKit/no-arc (4.7.1):
    - Bolts (~> 1.1)
    - FBSDKCoreKit/arc
  - FBSDKLoginKit (4.7.1):
    - FBSDKCoreKit
  - FBSDKShareKit (4.7.1):
    - FBSDKCoreKit
  - FLEX (2.1.1)
  - FLKAutoLayout (0.2.1)
  - FormatterKit (1.8.0):
    - FormatterKit/AddressFormatter (= 1.8.0)
    - FormatterKit/ArrayFormatter (= 1.8.0)
    - FormatterKit/ColorFormatter (= 1.8.0)
    - FormatterKit/LocationFormatter (= 1.8.0)
    - FormatterKit/NameFormatter (= 1.8.0)
    - FormatterKit/OrdinalNumberFormatter (= 1.8.0)
    - FormatterKit/TimeIntervalFormatter (= 1.8.0)
    - FormatterKit/UnitOfInformationFormatter (= 1.8.0)
    - FormatterKit/URLRequestFormatter (= 1.8.0)
  - FormatterKit/AddressFormatter (1.8.0)
  - FormatterKit/ArrayFormatter (1.8.0)
  - FormatterKit/ColorFormatter (1.8.0)
  - FormatterKit/LocationFormatter (1.8.0)
  - FormatterKit/NameFormatter (1.8.0)
  - FormatterKit/OrdinalNumberFormatter (1.8.0)
  - FormatterKit/TimeIntervalFormatter (1.8.0)
  - FormatterKit/UnitOfInformationFormatter (1.8.0)
  - FormatterKit/URLRequestFormatter (1.8.0)
  - GCDObjC (0.2.0)
  - Gizou (0.1.3)
  - iCarousel (1.8.2)
  - libPhoneNumber-iOS (0.8.8)
  - LinqToObjectiveC (2.0.0)
  - LMGeocoder (1.0.3)
  - Masonry (0.6.3)
  - MJRefresh (2.5.0)
  - NUI (0.5.5):
    - NUIParse
  - NUIParse (1.2.1)
  - ObjectiveSugar (1.1.0)
  - OCMock (3.1.2)
  - ORStackView (3.0.1):
    - FLKAutoLayout (~> 0.2)
  - Parse (1.9.1):
    - Bolts/Tasks (>= 1.4.0)
  - ParseFacebookUtilsV4 (1.9.0):
    - Bolts/Tasks (>= 1.3.0)
    - FBSDKCoreKit (~> 4.7)
    - FBSDKLoginKit (~> 4.7)
    - Parse (~> 1.9)
  - ReactiveCocoa (2.5):
    - ReactiveCocoa/UI (= 2.5)
  - ReactiveCocoa/Core (2.5):
    - ReactiveCocoa/no-arc
  - ReactiveCocoa/no-arc (2.5)
  - ReactiveCocoa/UI (2.5):
    - ReactiveCocoa/Core
  - ReflectableEnum (0.1.1)
  - Reveal-iOS-SDK (1.6.1)
  - SDWebImage (3.7.3):
    - SDWebImage/Core (= 3.7.3)
  - SDWebImage/Core (3.7.3)
  - SLPagingView (0.0.5)
  - SSDataSources (0.8.5)
  - SVProgressHUD (1.1.3)
  - SVPullToRefresh (0.4.1)
  - THContactPicker (1.2)
  - TOMSMorphingLabel (0.5.1)
  - TwitterCore (1.12.1):
    - Fabric
  - Typhoon (3.4.1):
    - Typhoon/no-arc (= 3.4.1)
  - Typhoon/no-arc (3.4.1)
  - UIImageView-Letters (1.1.4)
  - YapDatabase (2.7.4):
    - YapDatabase/standard (= 2.7.4)
  - YapDatabase/standard (2.7.4):
    - CocoaLumberjack (~> 2)
  - YLMoment (0.2.0)

DEPENDENCIES:
  - APAddressBook (~> 0.2.1)
  - AutoCoding (~> 2.2)
  - BFKit
  - BlocksKit (~> 2.2)
  - Bolts
  - CocoaLumberjack
  - Crashlytics
  - DateTools (~> 1.6)
  - Digits
  - EKAlgorithms (~> 0.2)
  - Fabric
  - FBSDKCoreKit
  - FBSDKLoginKit
  - FBSDKShareKit
  - FLEX (~> 2.0)
  - FormatterKit (~> 1.8)
  - GCDObjC (~> 0.2)
  - Gizou
  - iCarousel (~> 1.8)
  - libPhoneNumber-iOS (~> 0.8)
  - LinqToObjectiveC (~> 2.0)
  - LMGeocoder
  - Masonry (~> 0.6)
  - MJRefresh
  - NUI (~> 0.5)
  - ObjectiveSugar
  - OCMock (= 3.1.2)
  - ORStackView
  - Parse
  - ParseFacebookUtilsV4
  - ReactiveCocoa (= 2.5)
  - ReflectableEnum
  - Reveal-iOS-SDK
  - SDWebImage (~> 3.7)
  - SLPagingView
  - SSDataSources (~> 0.8)
  - SVProgressHUD
  - SVPullToRefresh
  - THContactPicker (~> 1.2)
  - TOMSMorphingLabel (~> 0.5)
  - TwitterCore
  - Typhoon (~> 3.3)
  - UIImageView-Letters
  - YapDatabase (~> 2.7)
  - YLMoment (~> 0.2.0)

SPEC CHECKSUMS:
  APAddressBook: 90c0fb07579a47e10ef1a2344e23cfd35f388bec
  AutoCoding: b47e528426c84346371dd532b8e6458929e4da34
  BFKit: 3ba74d912325cc8a6bf83ebe1e7e3d9bdc87e817
  BlocksKit: 7f422b971407001178d181a43b99014ea2591fe6
  Bolts: 0e9bce58b9b9f5e8a7a4d47b16d2fabec289072b
  CocoaLumberjack: 17fe8581f84914d5d7e6360f7c70022b173c3ae0
  Crashlytics: 1ee87895c37472eb3f01f409ea1654a464d2f8d4
  DateTools: 53288ee8b905fdc75897a1e6b5cc0144b14cba60
  Digits: 197c120e044fef0634d3abcf4fc7325351911484
  EKAlgorithms: 83488651734ba3a63956fcb783b10e82d2ec3388
  Fabric: d737eda3a26ac940a5430230eedb35f16b226131
  FBSDKCoreKit: 9141b70960a37930850370495fe565f4a27ac141
  FBSDKLoginKit: c11ed3c2833472db3bb4a4aecf27af4a6f69b173
  FBSDKShareKit: 213adf63e073f41a346b0e7a689805880dc5150e
  FLEX: 27b768fcae23a313a1eb115076d429180ca9b472
  FLKAutoLayout: 9db6b30c2008d230da608e62c607b11c23b942e6
  FormatterKit: bddde83e054edf9d9ee14f9de3b3a5103db256f4
  GCDObjC: adcd9941029e3628de539347d3a6777470a65998
  Gizou: 93853bf634a9382c257795db052aa9a75e972c43
  iCarousel: 67c8a43da5a46795b56aadfc96cd36a16f6149b2
  libPhoneNumber-iOS: fe877b7c44c270a9da2082d3e2892d5316f6a2f9
  LinqToObjectiveC: 768f98c62d5b57cb6bdb7ab869e33d0a7a2da29c
  LMGeocoder: 100572f9e572a26d3506ee0604d6629bea391767
  Masonry: ff105a956abcd19a618b2028b121cb638d7a8e2f
  MJRefresh: 4bce3b592ae052ff89473b2907278bf8a80abdd3
  NUI: 53de7278003235deb2a375fe6f04c7a3aa3e49eb
  NUIParse: 9b6d5a6b782dc654ac6c846d623885080306f07f
  ObjectiveSugar: a6a25f23d657c19df0a0b972466d5b5ca9f5295c
  OCMock: a10ea9f0a6e921651f96f78b6faee95ebc813b92
  ORStackView: a1bb52748cd0ae29891c140baf22ff8972fb363c
  Parse: 54a965c8c19a6dde90284ab654dbcc77ef8c001b
  ParseFacebookUtilsV4: aadebfaaaf4a45bf0a0992863bf48c8fc49189e3
  ReactiveCocoa: e2db045570aa97c695e7aa97c2bcab222ae51f4a
  ReflectableEnum: bf9d36f8c35122242125140a22b8921d071989aa
  Reveal-iOS-SDK: ceae964076cebe3efe63e5e9abe3152efce46aa8
  SDWebImage: 1d2b1a1efda1ade1b00b6f8498865f8ddedc8a84
  SLPagingView: ba9bb6102cb318ce56f23d0a7e49a46ddcdad7e3
  SSDataSources: b01170fb23b82acf0649194e9189b0bf5f702681
  SVProgressHUD: 748080e4f36e603f6c02aec292664239df5279c1
  SVPullToRefresh: ba2e718695a43253d8bea6852d2960097dc15d8c
  THContactPicker: e723f7c6ab6e1d6d10d59d618322ab8bfcb00365
  TOMSMorphingLabel: 3e88a2bf5257f8993ebc51fb3109187a0bfb2c4d
  TwitterCore: 2b1bdd58dfba3f21b416d2a0d1ca74173e3b0eea
  Typhoon: b754e413d64c4182fcf76e22aacd5f9a66e34f2f
  UIImageView-Letters: f62db28076797adf3560ab7410647dc6899b9eef
  YapDatabase: 41d80eefb2959fc7cf064c487f2bfa3cf68a5704
  YLMoment: af44d9d402790049e5490fa6eae9585b89b4090b

COCOAPODS: 0.39.0
