<?xml version="1.0" encoding="UTF-8"?>
<!DOCTYPE plist PUBLIC "-//Apple//DTD PLIST 1.0//EN" "http://www.apple.com/DTDs/PropertyList-1.0.dtd">
<plist version="1.0">
<dict>
	<key>archiveVersion</key>
	<string>1</string>
	<key>classes</key>
	<dict/>
	<key>objectVersion</key>
	<string>46</string>
	<key>objects</key>
	<dict>
		<key>0373A993FBE4FB590855BC00</key>
		<dict>
			<key>explicitFileType</key>
			<string>archive.ar</string>
			<key>includeInIndex</key>
			<string>0</string>
			<key>isa</key>
			<string>PBXFileReference</string>
			<key>path</key>
			<string>libPods-Hypelist2point0Tests.a</string>
			<key>sourceTree</key>
			<string>BUILT_PRODUCTS_DIR</string>
		</dict>
		<key>2133BFBB1B877B4F002C1DA9</key>
		<dict>
			<key>children</key>
			<array>
				<string>21CCEDD31B87C2D80066CDAC</string>
				<string>2133BFBD1B877B82002C1DA9</string>
				<string>2133BFBE1B877B82002C1DA9</string>
				<string>2133BFC01B877C08002C1DA9</string>
				<string>2133BFC11B877C08002C1DA9</string>
				<string>2133BFC31B877C61002C1DA9</string>
				<string>2133BFC41B877C61002C1DA9</string>
				<string>2133BFC61B877C97002C1DA9</string>
				<string>2133BFC71B877C97002C1DA9</string>
				<string>2133BFC91B877CAB002C1DA9</string>
				<string>2133BFCA1B877CAB002C1DA9</string>
				<string>2133BFCC1B877D11002C1DA9</string>
				<string>2133BFCD1B877D11002C1DA9</string>
			</array>
			<key>isa</key>
			<string>PBXGroup</string>
			<key>path</key>
			<string>Local Model</string>
			<key>sourceTree</key>
			<string>&lt;group&gt;</string>
		</dict>
		<key>2133BFBD1B877B82002C1DA9</key>
		<dict>
			<key>fileEncoding</key>
			<string>4</string>
			<key>isa</key>
			<string>PBXFileReference</string>
			<key>lastKnownFileType</key>
			<string>sourcecode.c.h</string>
			<key>path</key>
			<string>THLPromotion.h</string>
			<key>sourceTree</key>
			<string>&lt;group&gt;</string>
		</dict>
		<key>2133BFBE1B877B82002C1DA9</key>
		<dict>
			<key>fileEncoding</key>
			<string>4</string>
			<key>isa</key>
			<string>PBXFileReference</string>
			<key>lastKnownFileType</key>
			<string>sourcecode.c.objc</string>
			<key>path</key>
			<string>THLPromotion.m</string>
			<key>sourceTree</key>
			<string>&lt;group&gt;</string>
		</dict>
		<key>2133BFBF1B877B82002C1DA9</key>
		<dict>
			<key>fileRef</key>
			<string>2133BFBE1B877B82002C1DA9</string>
			<key>isa</key>
			<string>PBXBuildFile</string>
		</dict>
		<key>2133BFC01B877C08002C1DA9</key>
		<dict>
			<key>fileEncoding</key>
			<string>4</string>
			<key>isa</key>
			<string>PBXFileReference</string>
			<key>lastKnownFileType</key>
			<string>sourcecode.c.h</string>
			<key>path</key>
			<string>THLUser.h</string>
			<key>sourceTree</key>
			<string>&lt;group&gt;</string>
		</dict>
		<key>2133BFC11B877C08002C1DA9</key>
		<dict>
			<key>fileEncoding</key>
			<string>4</string>
			<key>isa</key>
			<string>PBXFileReference</string>
			<key>lastKnownFileType</key>
			<string>sourcecode.c.objc</string>
			<key>path</key>
			<string>THLUser.m</string>
			<key>sourceTree</key>
			<string>&lt;group&gt;</string>
		</dict>
		<key>2133BFC21B877C08002C1DA9</key>
		<dict>
			<key>fileRef</key>
			<string>2133BFC11B877C08002C1DA9</string>
			<key>isa</key>
			<string>PBXBuildFile</string>
		</dict>
		<key>2133BFC31B877C61002C1DA9</key>
		<dict>
			<key>fileEncoding</key>
			<string>4</string>
			<key>isa</key>
			<string>PBXFileReference</string>
			<key>lastKnownFileType</key>
			<string>sourcecode.c.h</string>
			<key>path</key>
			<string>THLHost.h</string>
			<key>sourceTree</key>
			<string>&lt;group&gt;</string>
		</dict>
		<key>2133BFC41B877C61002C1DA9</key>
		<dict>
			<key>fileEncoding</key>
			<string>4</string>
			<key>isa</key>
			<string>PBXFileReference</string>
			<key>lastKnownFileType</key>
			<string>sourcecode.c.objc</string>
			<key>path</key>
			<string>THLHost.m</string>
			<key>sourceTree</key>
			<string>&lt;group&gt;</string>
		</dict>
		<key>2133BFC51B877C61002C1DA9</key>
		<dict>
			<key>fileRef</key>
			<string>2133BFC41B877C61002C1DA9</string>
			<key>isa</key>
			<string>PBXBuildFile</string>
		</dict>
		<key>2133BFC61B877C97002C1DA9</key>
		<dict>
			<key>fileEncoding</key>
			<string>4</string>
			<key>isa</key>
			<string>PBXFileReference</string>
			<key>lastKnownFileType</key>
			<string>sourcecode.c.h</string>
			<key>path</key>
			<string>THLGuest.h</string>
			<key>sourceTree</key>
			<string>&lt;group&gt;</string>
		</dict>
		<key>2133BFC71B877C97002C1DA9</key>
		<dict>
			<key>fileEncoding</key>
			<string>4</string>
			<key>isa</key>
			<string>PBXFileReference</string>
			<key>lastKnownFileType</key>
			<string>sourcecode.c.objc</string>
			<key>path</key>
			<string>THLGuest.m</string>
			<key>sourceTree</key>
			<string>&lt;group&gt;</string>
		</dict>
		<key>2133BFC81B877C97002C1DA9</key>
		<dict>
			<key>fileRef</key>
			<string>2133BFC71B877C97002C1DA9</string>
			<key>isa</key>
			<string>PBXBuildFile</string>
		</dict>
		<key>2133BFC91B877CAB002C1DA9</key>
		<dict>
			<key>fileEncoding</key>
			<string>4</string>
			<key>isa</key>
			<string>PBXFileReference</string>
			<key>lastKnownFileType</key>
			<string>sourcecode.c.h</string>
			<key>path</key>
			<string>THLEvent.h</string>
			<key>sourceTree</key>
			<string>&lt;group&gt;</string>
		</dict>
		<key>2133BFCA1B877CAB002C1DA9</key>
		<dict>
			<key>fileEncoding</key>
			<string>4</string>
			<key>isa</key>
			<string>PBXFileReference</string>
			<key>lastKnownFileType</key>
			<string>sourcecode.c.objc</string>
			<key>path</key>
			<string>THLEvent.m</string>
			<key>sourceTree</key>
			<string>&lt;group&gt;</string>
		</dict>
		<key>2133BFCB1B877CAB002C1DA9</key>
		<dict>
			<key>fileRef</key>
			<string>2133BFCA1B877CAB002C1DA9</string>
			<key>isa</key>
			<string>PBXBuildFile</string>
		</dict>
		<key>2133BFCC1B877D11002C1DA9</key>
		<dict>
			<key>fileEncoding</key>
			<string>4</string>
			<key>isa</key>
			<string>PBXFileReference</string>
			<key>lastKnownFileType</key>
			<string>sourcecode.c.h</string>
			<key>path</key>
			<string>THLLocation.h</string>
			<key>sourceTree</key>
			<string>&lt;group&gt;</string>
		</dict>
		<key>2133BFCD1B877D11002C1DA9</key>
		<dict>
			<key>fileEncoding</key>
			<string>4</string>
			<key>isa</key>
			<string>PBXFileReference</string>
			<key>lastKnownFileType</key>
			<string>sourcecode.c.objc</string>
			<key>path</key>
			<string>THLLocation.m</string>
			<key>sourceTree</key>
			<string>&lt;group&gt;</string>
		</dict>
		<key>2133BFCE1B877D11002C1DA9</key>
		<dict>
			<key>fileRef</key>
			<string>2133BFCD1B877D11002C1DA9</string>
			<key>isa</key>
			<string>PBXBuildFile</string>
		</dict>
		<key>2133BFCF1B877E80002C1DA9</key>
		<dict>
			<key>children</key>
			<array>
				<string>2133BFD01B877EBA002C1DA9</string>
				<string>2133BFD11B877EBA002C1DA9</string>
				<string>21BDAE531B878104009D02A3</string>
				<string>21BDAE541B878104009D02A3</string>
				<string>21BDAE561B878BD8009D02A3</string>
				<string>21BDAE571B878BD8009D02A3</string>
				<string>21BDAE591B878C4D009D02A3</string>
				<string>21BDAE5A1B878C4D009D02A3</string>
			</array>
			<key>isa</key>
			<string>PBXGroup</string>
			<key>path</key>
			<string>Parse Model</string>
			<key>sourceTree</key>
			<string>&lt;group&gt;</string>
		</dict>
		<key>2133BFD01B877EBA002C1DA9</key>
		<dict>
			<key>fileEncoding</key>
			<string>4</string>
			<key>isa</key>
			<string>PBXFileReference</string>
			<key>lastKnownFileType</key>
			<string>sourcecode.c.h</string>
			<key>path</key>
			<string>THLParsePromotion.h</string>
			<key>sourceTree</key>
			<string>&lt;group&gt;</string>
		</dict>
		<key>2133BFD11B877EBA002C1DA9</key>
		<dict>
			<key>fileEncoding</key>
			<string>4</string>
			<key>isa</key>
			<string>PBXFileReference</string>
			<key>lastKnownFileType</key>
			<string>sourcecode.c.objc</string>
			<key>path</key>
			<string>THLParsePromotion.m</string>
			<key>sourceTree</key>
			<string>&lt;group&gt;</string>
		</dict>
		<key>2133BFD21B877EBA002C1DA9</key>
		<dict>
			<key>fileRef</key>
			<string>2133BFD11B877EBA002C1DA9</string>
			<key>isa</key>
			<string>PBXBuildFile</string>
		</dict>
		<key>21444DB21B879D250016FCFD</key>
		<dict>
			<key>fileEncoding</key>
			<string>4</string>
			<key>isa</key>
			<string>PBXFileReference</string>
			<key>lastKnownFileType</key>
			<string>sourcecode.c.objc</string>
			<key>path</key>
			<string>THLParseMapperTests.m</string>
			<key>sourceTree</key>
			<string>&lt;group&gt;</string>
		</dict>
		<key>21444DB31B879D250016FCFD</key>
		<dict>
			<key>fileRef</key>
			<string>21444DB21B879D250016FCFD</string>
			<key>isa</key>
			<string>PBXBuildFile</string>
		</dict>
		<key>21444DB71B879EFE0016FCFD</key>
		<dict>
			<key>fileEncoding</key>
			<string>4</string>
			<key>isa</key>
			<string>PBXFileReference</string>
			<key>lastKnownFileType</key>
			<string>sourcecode.c.h</string>
			<key>path</key>
			<string>THLParseMapperTestsHelper.h</string>
			<key>sourceTree</key>
			<string>&lt;group&gt;</string>
		</dict>
		<key>21444DB81B879EFE0016FCFD</key>
		<dict>
			<key>fileEncoding</key>
			<string>4</string>
			<key>isa</key>
			<string>PBXFileReference</string>
			<key>lastKnownFileType</key>
			<string>sourcecode.c.objc</string>
			<key>path</key>
			<string>THLParseMapperTestsHelper.m</string>
			<key>sourceTree</key>
			<string>&lt;group&gt;</string>
		</dict>
		<key>21444DB91B879EFE0016FCFD</key>
		<dict>
			<key>fileRef</key>
			<string>21444DB81B879EFE0016FCFD</string>
			<key>isa</key>
			<string>PBXBuildFile</string>
		</dict>
		<key>2174A05B1B863F6A006826D7</key>
		<dict>
			<key>children</key>
			<array>
				<string>21BDAE5C1B878E0E009D02A3</string>
				<string>21CCEDEB1B87CDD00066CDAC</string>
				<string>21CCEDFD1B87D9380066CDAC</string>
				<string>21CCEDD21B87C27D0066CDAC</string>
				<string>21CCEDD11B87C24A0066CDAC</string>
				<string>2174A0661B863F6A006826D7</string>
				<string>2174A0801B863F6A006826D7</string>
				<string>2174A0651B863F6A006826D7</string>
				<string>70242A51DBC534988B8EA34F</string>
				<string>F3E081FDB7C0DB50ADEBB991</string>
			</array>
			<key>isa</key>
			<string>PBXGroup</string>
			<key>sourceTree</key>
			<string>&lt;group&gt;</string>
		</dict>
		<key>2174A05C1B863F6A006826D7</key>
		<dict>
			<key>attributes</key>
			<dict>
				<key>LastUpgradeCheck</key>
				<string>0640</string>
				<key>ORGANIZATIONNAME</key>
				<string>Hypelist</string>
				<key>TargetAttributes</key>
				<dict>
					<key>2174A0631B863F6A006826D7</key>
					<dict>
						<key>CreatedOnToolsVersion</key>
						<string>6.4</string>
						<key>DevelopmentTeam</key>
						<string>8QRD6SFSHS</string>
					</dict>
					<key>2174A07C1B863F6A006826D7</key>
					<dict>
						<key>CreatedOnToolsVersion</key>
						<string>6.4</string>
						<key>TestTargetID</key>
						<string>2174A0631B863F6A006826D7</string>
					</dict>
				</dict>
			</dict>
			<key>buildConfigurationList</key>
			<string>2174A05F1B863F6A006826D7</string>
			<key>compatibilityVersion</key>
			<string>Xcode 3.2</string>
			<key>developmentRegion</key>
			<string>English</string>
			<key>hasScannedForEncodings</key>
			<string>0</string>
			<key>isa</key>
			<string>PBXProject</string>
			<key>knownRegions</key>
			<array>
				<string>en</string>
				<string>Base</string>
			</array>
			<key>mainGroup</key>
			<string>2174A05B1B863F6A006826D7</string>
			<key>productRefGroup</key>
			<string>2174A0651B863F6A006826D7</string>
			<key>projectDirPath</key>
			<string></string>
			<key>projectReferences</key>
			<array/>
			<key>projectRoot</key>
			<string></string>
			<key>targets</key>
			<array>
				<string>2174A0631B863F6A006826D7</string>
				<string>2174A07C1B863F6A006826D7</string>
			</array>
		</dict>
		<key>2174A05F1B863F6A006826D7</key>
		<dict>
			<key>buildConfigurations</key>
			<array>
				<string>2174A0851B863F6A006826D7</string>
				<string>2174A0861B863F6A006826D7</string>
			</array>
			<key>defaultConfigurationIsVisible</key>
			<string>0</string>
			<key>defaultConfigurationName</key>
			<string>Release</string>
			<key>isa</key>
			<string>XCConfigurationList</string>
		</dict>
		<key>2174A0601B863F6A006826D7</key>
		<dict>
			<key>buildActionMask</key>
			<string>2147483647</string>
			<key>files</key>
			<array>
				<string>21CCEDFA1B87D5060066CDAC</string>
				<string>21CCEDDC1B87C4AA0066CDAC</string>
				<string>2133BFC51B877C61002C1DA9</string>
				<string>21BDAE5B1B878C4D009D02A3</string>
				<string>2133BFCE1B877D11002C1DA9</string>
				<string>21BDAE631B878F70009D02A3</string>
				<string>2174A06D1B863F6A006826D7</string>
				<string>2133BFBF1B877B82002C1DA9</string>
				<string>21CCEDE21B87C62F0066CDAC</string>
				<string>21BDAE691B878F8C009D02A3</string>
				<string>2133BFCB1B877CAB002C1DA9</string>
				<string>21BDAE661B878F7D009D02A3</string>
				<string>21BDAE721B879265009D02A3</string>
				<string>2174A06A1B863F6A006826D7</string>
				<string>21CCEDEE1B87CE1C0066CDAC</string>
				<string>21CCEDD91B87C49C0066CDAC</string>
				<string>2133BFD21B877EBA002C1DA9</string>
				<string>21CCEDF51B87CFCB0066CDAC</string>
				<string>21BDAE6C1B878FA3009D02A3</string>
				<string>21CCEE001B87D9560066CDAC</string>
				<string>21CCEDE91B87C87B0066CDAC</string>
				<string>21BDAE551B878104009D02A3</string>
				<string>21BDAE581B878BD8009D02A3</string>
				<string>21CCEDD61B87C2F60066CDAC</string>
				<string>2133BFC21B877C08002C1DA9</string>
				<string>2133BFC81B877C97002C1DA9</string>
				<string>21CCEDDF1B87C4B10066CDAC</string>
				<string>21BDAE601B878E47009D02A3</string>
			</array>
			<key>isa</key>
			<string>PBXSourcesBuildPhase</string>
			<key>runOnlyForDeploymentPostprocessing</key>
			<string>0</string>
		</dict>
		<key>2174A0611B863F6A006826D7</key>
		<dict>
			<key>buildActionMask</key>
			<string>2147483647</string>
			<key>files</key>
			<array>
				<string>B771256D2B58EBFF817CDC12</string>
			</array>
			<key>isa</key>
			<string>PBXFrameworksBuildPhase</string>
			<key>runOnlyForDeploymentPostprocessing</key>
			<string>0</string>
		</dict>
		<key>2174A0621B863F6A006826D7</key>
		<dict>
			<key>buildActionMask</key>
			<string>2147483647</string>
			<key>files</key>
			<array>
				<string>2174A0781B863F6A006826D7</string>
				<string>2174A0751B863F6A006826D7</string>
			</array>
			<key>isa</key>
			<string>PBXResourcesBuildPhase</string>
			<key>runOnlyForDeploymentPostprocessing</key>
			<string>0</string>
		</dict>
		<key>2174A0631B863F6A006826D7</key>
		<dict>
			<key>buildConfigurationList</key>
			<string>2174A0871B863F6A006826D7</string>
			<key>buildPhases</key>
			<array>
				<string>6FEE326EF98C94C7EA7C32B9</string>
				<string>2174A0601B863F6A006826D7</string>
				<string>2174A0611B863F6A006826D7</string>
				<string>2174A0621B863F6A006826D7</string>
				<string>D86684AEA6207E01201FB42F</string>
			</array>
			<key>buildRules</key>
			<array/>
			<key>dependencies</key>
			<array/>
			<key>isa</key>
			<string>PBXNativeTarget</string>
			<key>name</key>
			<string>Hypelist2point0</string>
			<key>productName</key>
			<string>Hypelist2point0</string>
			<key>productReference</key>
			<string>2174A0641B863F6A006826D7</string>
			<key>productType</key>
			<string>com.apple.product-type.application</string>
		</dict>
		<key>2174A0641B863F6A006826D7</key>
		<dict>
			<key>explicitFileType</key>
			<string>wrapper.application</string>
			<key>includeInIndex</key>
			<string>0</string>
			<key>isa</key>
			<string>PBXFileReference</string>
			<key>path</key>
			<string>Hypelist2point0.app</string>
			<key>sourceTree</key>
			<string>BUILT_PRODUCTS_DIR</string>
		</dict>
		<key>2174A0651B863F6A006826D7</key>
		<dict>
			<key>children</key>
			<array>
				<string>2174A0641B863F6A006826D7</string>
				<string>2174A07D1B863F6A006826D7</string>
			</array>
			<key>isa</key>
			<string>PBXGroup</string>
			<key>name</key>
			<string>Products</string>
			<key>sourceTree</key>
			<string>&lt;group&gt;</string>
		</dict>
		<key>2174A0661B863F6A006826D7</key>
		<dict>
			<key>children</key>
			<array>
				<string>21CCEDFC1B87D7350066CDAC</string>
				<string>2174A06B1B863F6A006826D7</string>
				<string>2174A06C1B863F6A006826D7</string>
				<string>2174A0741B863F6A006826D7</string>
				<string>2174A0761B863F6A006826D7</string>
				<string>2174A0671B863F6A006826D7</string>
			</array>
			<key>isa</key>
			<string>PBXGroup</string>
			<key>path</key>
			<string>Hypelist2point0</string>
			<key>sourceTree</key>
			<string>&lt;group&gt;</string>
		</dict>
		<key>2174A0671B863F6A006826D7</key>
		<dict>
			<key>children</key>
			<array>
				<string>2174A0681B863F6A006826D7</string>
				<string>2174A0691B863F6A006826D7</string>
			</array>
			<key>isa</key>
			<string>PBXGroup</string>
			<key>path</key>
			<string>Supporting Files</string>
			<key>sourceTree</key>
			<string>&lt;group&gt;</string>
		</dict>
		<key>2174A0681B863F6A006826D7</key>
		<dict>
			<key>isa</key>
			<string>PBXFileReference</string>
			<key>lastKnownFileType</key>
			<string>text.plist.xml</string>
			<key>path</key>
			<string>Info.plist</string>
			<key>sourceTree</key>
			<string>&lt;group&gt;</string>
		</dict>
		<key>2174A0691B863F6A006826D7</key>
		<dict>
			<key>isa</key>
			<string>PBXFileReference</string>
			<key>lastKnownFileType</key>
			<string>sourcecode.c.objc</string>
			<key>path</key>
			<string>main.m</string>
			<key>sourceTree</key>
			<string>&lt;group&gt;</string>
		</dict>
		<key>2174A06A1B863F6A006826D7</key>
		<dict>
			<key>fileRef</key>
			<string>2174A0691B863F6A006826D7</string>
			<key>isa</key>
			<string>PBXBuildFile</string>
		</dict>
		<key>2174A06B1B863F6A006826D7</key>
		<dict>
			<key>isa</key>
			<string>PBXFileReference</string>
			<key>lastKnownFileType</key>
			<string>sourcecode.c.h</string>
			<key>path</key>
			<string>AppDelegate.h</string>
			<key>sourceTree</key>
			<string>&lt;group&gt;</string>
		</dict>
		<key>2174A06C1B863F6A006826D7</key>
		<dict>
			<key>isa</key>
			<string>PBXFileReference</string>
			<key>lastKnownFileType</key>
			<string>sourcecode.c.objc</string>
			<key>path</key>
			<string>AppDelegate.m</string>
			<key>sourceTree</key>
			<string>&lt;group&gt;</string>
		</dict>
		<key>2174A06D1B863F6A006826D7</key>
		<dict>
			<key>fileRef</key>
			<string>2174A06C1B863F6A006826D7</string>
			<key>isa</key>
			<string>PBXBuildFile</string>
		</dict>
		<key>2174A0741B863F6A006826D7</key>
		<dict>
			<key>isa</key>
			<string>PBXFileReference</string>
			<key>lastKnownFileType</key>
			<string>folder.assetcatalog</string>
			<key>path</key>
			<string>Images.xcassets</string>
			<key>sourceTree</key>
			<string>&lt;group&gt;</string>
		</dict>
		<key>2174A0751B863F6A006826D7</key>
		<dict>
			<key>fileRef</key>
			<string>2174A0741B863F6A006826D7</string>
			<key>isa</key>
			<string>PBXBuildFile</string>
		</dict>
		<key>2174A0761B863F6A006826D7</key>
		<dict>
			<key>children</key>
			<array>
				<string>2174A0771B863F6A006826D7</string>
			</array>
			<key>isa</key>
			<string>PBXVariantGroup</string>
			<key>name</key>
			<string>LaunchScreen.xib</string>
			<key>sourceTree</key>
			<string>&lt;group&gt;</string>
		</dict>
		<key>2174A0771B863F6A006826D7</key>
		<dict>
			<key>isa</key>
			<string>PBXFileReference</string>
			<key>lastKnownFileType</key>
			<string>file.xib</string>
			<key>name</key>
			<string>Base</string>
			<key>path</key>
			<string>Base.lproj/LaunchScreen.xib</string>
			<key>sourceTree</key>
			<string>&lt;group&gt;</string>
		</dict>
		<key>2174A0781B863F6A006826D7</key>
		<dict>
			<key>fileRef</key>
			<string>2174A0761B863F6A006826D7</string>
			<key>isa</key>
			<string>PBXBuildFile</string>
		</dict>
		<key>2174A0791B863F6A006826D7</key>
		<dict>
			<key>buildActionMask</key>
			<string>2147483647</string>
			<key>files</key>
			<array>
				<string>21444DB31B879D250016FCFD</string>
				<string>21444DB91B879EFE0016FCFD</string>
			</array>
			<key>isa</key>
			<string>PBXSourcesBuildPhase</string>
			<key>runOnlyForDeploymentPostprocessing</key>
			<string>0</string>
		</dict>
		<key>2174A07A1B863F6A006826D7</key>
		<dict>
			<key>buildActionMask</key>
			<string>2147483647</string>
			<key>files</key>
			<array>
				<string>D6FD0F92FFA5D74C85804729</string>
			</array>
			<key>isa</key>
			<string>PBXFrameworksBuildPhase</string>
			<key>runOnlyForDeploymentPostprocessing</key>
			<string>0</string>
		</dict>
		<key>2174A07B1B863F6A006826D7</key>
		<dict>
			<key>buildActionMask</key>
			<string>2147483647</string>
			<key>files</key>
			<array/>
			<key>isa</key>
			<string>PBXResourcesBuildPhase</string>
			<key>runOnlyForDeploymentPostprocessing</key>
			<string>0</string>
		</dict>
		<key>2174A07C1B863F6A006826D7</key>
		<dict>
			<key>buildConfigurationList</key>
			<string>2174A08A1B863F6A006826D7</string>
			<key>buildPhases</key>
			<array>
				<string>EB85E791A1ECFA32CCA9B09E</string>
				<string>2174A0791B863F6A006826D7</string>
				<string>2174A07A1B863F6A006826D7</string>
				<string>2174A07B1B863F6A006826D7</string>
				<string>3BBEDA8F8F68D4810546056C</string>
			</array>
			<key>buildRules</key>
			<array/>
			<key>dependencies</key>
			<array>
				<string>2174A07F1B863F6A006826D7</string>
			</array>
			<key>isa</key>
			<string>PBXNativeTarget</string>
			<key>name</key>
			<string>Hypelist2point0Tests</string>
			<key>productName</key>
			<string>Hypelist2point0Tests</string>
			<key>productReference</key>
			<string>2174A07D1B863F6A006826D7</string>
			<key>productType</key>
			<string>com.apple.product-type.bundle.unit-test</string>
		</dict>
		<key>2174A07D1B863F6A006826D7</key>
		<dict>
			<key>explicitFileType</key>
			<string>wrapper.cfbundle</string>
			<key>includeInIndex</key>
			<string>0</string>
			<key>isa</key>
			<string>PBXFileReference</string>
			<key>path</key>
			<string>Hypelist2point0Tests.xctest</string>
			<key>sourceTree</key>
			<string>BUILT_PRODUCTS_DIR</string>
		</dict>
		<key>2174A07E1B863F6A006826D7</key>
		<dict>
			<key>containerPortal</key>
			<string>2174A05C1B863F6A006826D7</string>
			<key>isa</key>
			<string>PBXContainerItemProxy</string>
			<key>proxyType</key>
			<string>1</string>
			<key>remoteGlobalIDString</key>
			<string>2174A0631B863F6A006826D7</string>
			<key>remoteInfo</key>
			<string>Hypelist2point0</string>
		</dict>
		<key>2174A07F1B863F6A006826D7</key>
		<dict>
			<key>isa</key>
			<string>PBXTargetDependency</string>
			<key>target</key>
			<string>2174A0631B863F6A006826D7</string>
			<key>targetProxy</key>
			<string>2174A07E1B863F6A006826D7</string>
		</dict>
		<key>2174A0801B863F6A006826D7</key>
		<dict>
			<key>children</key>
			<array>
				<string>21444DB21B879D250016FCFD</string>
				<string>21444DB71B879EFE0016FCFD</string>
				<string>21444DB81B879EFE0016FCFD</string>
				<string>2174A0811B863F6A006826D7</string>
			</array>
			<key>isa</key>
			<string>PBXGroup</string>
			<key>path</key>
			<string>Hypelist2point0Tests</string>
			<key>sourceTree</key>
			<string>&lt;group&gt;</string>
		</dict>
		<key>2174A0811B863F6A006826D7</key>
		<dict>
			<key>children</key>
			<array>
				<string>2174A0821B863F6A006826D7</string>
			</array>
			<key>isa</key>
			<string>PBXGroup</string>
			<key>path</key>
			<string>Supporting Files</string>
			<key>sourceTree</key>
			<string>&lt;group&gt;</string>
		</dict>
		<key>2174A0821B863F6A006826D7</key>
		<dict>
			<key>isa</key>
			<string>PBXFileReference</string>
			<key>lastKnownFileType</key>
			<string>text.plist.xml</string>
			<key>path</key>
			<string>Info.plist</string>
			<key>sourceTree</key>
			<string>&lt;group&gt;</string>
		</dict>
		<key>2174A0851B863F6A006826D7</key>
		<dict>
			<key>buildSettings</key>
			<dict>
				<key>ALWAYS_SEARCH_USER_PATHS</key>
				<string>NO</string>
				<key>CLANG_CXX_LANGUAGE_STANDARD</key>
				<string>gnu++0x</string>
				<key>CLANG_CXX_LIBRARY</key>
				<string>libc++</string>
				<key>CLANG_ENABLE_MODULES</key>
				<string>YES</string>
				<key>CLANG_ENABLE_OBJC_ARC</key>
				<string>YES</string>
				<key>CLANG_WARN_BOOL_CONVERSION</key>
				<string>YES</string>
				<key>CLANG_WARN_CONSTANT_CONVERSION</key>
				<string>YES</string>
				<key>CLANG_WARN_DIRECT_OBJC_ISA_USAGE</key>
				<string>YES_ERROR</string>
				<key>CLANG_WARN_EMPTY_BODY</key>
				<string>YES</string>
				<key>CLANG_WARN_ENUM_CONVERSION</key>
				<string>YES</string>
				<key>CLANG_WARN_INT_CONVERSION</key>
				<string>YES</string>
				<key>CLANG_WARN_OBJC_ROOT_CLASS</key>
				<string>YES_ERROR</string>
				<key>CLANG_WARN_UNREACHABLE_CODE</key>
				<string>YES</string>
				<key>CLANG_WARN__DUPLICATE_METHOD_MATCH</key>
				<string>YES</string>
				<key>CODE_SIGN_IDENTITY[sdk=iphoneos*]</key>
				<string>iPhone Developer</string>
				<key>COPY_PHASE_STRIP</key>
				<string>NO</string>
				<key>DEBUG_INFORMATION_FORMAT</key>
				<string>dwarf-with-dsym</string>
				<key>ENABLE_STRICT_OBJC_MSGSEND</key>
				<string>YES</string>
				<key>GCC_C_LANGUAGE_STANDARD</key>
				<string>gnu99</string>
				<key>GCC_DYNAMIC_NO_PIC</key>
				<string>NO</string>
				<key>GCC_NO_COMMON_BLOCKS</key>
				<string>YES</string>
				<key>GCC_OPTIMIZATION_LEVEL</key>
				<string>0</string>
				<key>GCC_PREPROCESSOR_DEFINITIONS</key>
				<array>
					<string>DEBUG=1</string>
					<string>$(inherited)</string>
				</array>
				<key>GCC_SYMBOLS_PRIVATE_EXTERN</key>
				<string>NO</string>
				<key>GCC_WARN_64_TO_32_BIT_CONVERSION</key>
				<string>YES</string>
				<key>GCC_WARN_ABOUT_RETURN_TYPE</key>
				<string>YES_ERROR</string>
				<key>GCC_WARN_UNDECLARED_SELECTOR</key>
				<string>YES</string>
				<key>GCC_WARN_UNINITIALIZED_AUTOS</key>
				<string>YES_AGGRESSIVE</string>
				<key>GCC_WARN_UNUSED_FUNCTION</key>
				<string>YES</string>
				<key>GCC_WARN_UNUSED_VARIABLE</key>
				<string>YES</string>
				<key>IPHONEOS_DEPLOYMENT_TARGET</key>
				<string>8.4</string>
				<key>MTL_ENABLE_DEBUG_INFO</key>
				<string>YES</string>
				<key>ONLY_ACTIVE_ARCH</key>
				<string>YES</string>
				<key>SDKROOT</key>
				<string>iphoneos</string>
			</dict>
			<key>isa</key>
			<string>XCBuildConfiguration</string>
			<key>name</key>
			<string>Debug</string>
		</dict>
		<key>2174A0861B863F6A006826D7</key>
		<dict>
			<key>buildSettings</key>
			<dict>
				<key>ALWAYS_SEARCH_USER_PATHS</key>
				<string>NO</string>
				<key>CLANG_CXX_LANGUAGE_STANDARD</key>
				<string>gnu++0x</string>
				<key>CLANG_CXX_LIBRARY</key>
				<string>libc++</string>
				<key>CLANG_ENABLE_MODULES</key>
				<string>YES</string>
				<key>CLANG_ENABLE_OBJC_ARC</key>
				<string>YES</string>
				<key>CLANG_WARN_BOOL_CONVERSION</key>
				<string>YES</string>
				<key>CLANG_WARN_CONSTANT_CONVERSION</key>
				<string>YES</string>
				<key>CLANG_WARN_DIRECT_OBJC_ISA_USAGE</key>
				<string>YES_ERROR</string>
				<key>CLANG_WARN_EMPTY_BODY</key>
				<string>YES</string>
				<key>CLANG_WARN_ENUM_CONVERSION</key>
				<string>YES</string>
				<key>CLANG_WARN_INT_CONVERSION</key>
				<string>YES</string>
				<key>CLANG_WARN_OBJC_ROOT_CLASS</key>
				<string>YES_ERROR</string>
				<key>CLANG_WARN_UNREACHABLE_CODE</key>
				<string>YES</string>
				<key>CLANG_WARN__DUPLICATE_METHOD_MATCH</key>
				<string>YES</string>
				<key>CODE_SIGN_IDENTITY[sdk=iphoneos*]</key>
				<string>iPhone Developer</string>
				<key>COPY_PHASE_STRIP</key>
				<string>NO</string>
				<key>DEBUG_INFORMATION_FORMAT</key>
				<string>dwarf-with-dsym</string>
				<key>ENABLE_NS_ASSERTIONS</key>
				<string>NO</string>
				<key>ENABLE_STRICT_OBJC_MSGSEND</key>
				<string>YES</string>
				<key>GCC_C_LANGUAGE_STANDARD</key>
				<string>gnu99</string>
				<key>GCC_NO_COMMON_BLOCKS</key>
				<string>YES</string>
				<key>GCC_WARN_64_TO_32_BIT_CONVERSION</key>
				<string>YES</string>
				<key>GCC_WARN_ABOUT_RETURN_TYPE</key>
				<string>YES_ERROR</string>
				<key>GCC_WARN_UNDECLARED_SELECTOR</key>
				<string>YES</string>
				<key>GCC_WARN_UNINITIALIZED_AUTOS</key>
				<string>YES_AGGRESSIVE</string>
				<key>GCC_WARN_UNUSED_FUNCTION</key>
				<string>YES</string>
				<key>GCC_WARN_UNUSED_VARIABLE</key>
				<string>YES</string>
				<key>IPHONEOS_DEPLOYMENT_TARGET</key>
				<string>8.4</string>
				<key>MTL_ENABLE_DEBUG_INFO</key>
				<string>NO</string>
				<key>SDKROOT</key>
				<string>iphoneos</string>
				<key>VALIDATE_PRODUCT</key>
				<string>YES</string>
			</dict>
			<key>isa</key>
			<string>XCBuildConfiguration</string>
			<key>name</key>
			<string>Release</string>
		</dict>
		<key>2174A0871B863F6A006826D7</key>
		<dict>
			<key>buildConfigurations</key>
			<array>
				<string>2174A0881B863F6A006826D7</string>
				<string>2174A0891B863F6A006826D7</string>
			</array>
			<key>defaultConfigurationIsVisible</key>
			<string>0</string>
			<key>defaultConfigurationName</key>
			<string>Release</string>
			<key>isa</key>
			<string>XCConfigurationList</string>
		</dict>
		<key>2174A0881B863F6A006826D7</key>
		<dict>
			<key>baseConfigurationReference</key>
			<string>BA51F1731F25286C41A13B20</string>
			<key>buildSettings</key>
			<dict>
				<key>ASSETCATALOG_COMPILER_APPICON_NAME</key>
				<string>AppIcon</string>
				<key>CODE_SIGN_IDENTITY</key>
				<string>iPhone Developer</string>
				<key>GCC_PRECOMPILE_PREFIX_HEADER</key>
				<string>YES</string>
				<key>GCC_PREFIX_HEADER</key>
				<string>$(PROJECT_DIR)/Hypelist2point0/Hypelist2point0-PrefixHeader.pch</string>
				<key>INFOPLIST_FILE</key>
				<string>Hypelist2point0/Supporting Files/Info.plist</string>
				<key>IPHONEOS_DEPLOYMENT_TARGET</key>
				<string>8.0</string>
				<key>LD_RUNPATH_SEARCH_PATHS</key>
				<string>$(inherited) @executable_path/Frameworks</string>
				<key>PRODUCT_NAME</key>
				<string>$(TARGET_NAME)</string>
			</dict>
			<key>isa</key>
			<string>XCBuildConfiguration</string>
			<key>name</key>
			<string>Debug</string>
		</dict>
		<key>2174A0891B863F6A006826D7</key>
		<dict>
			<key>baseConfigurationReference</key>
			<string>C6B634BC51A4BB10D6261492</string>
			<key>buildSettings</key>
			<dict>
				<key>ASSETCATALOG_COMPILER_APPICON_NAME</key>
				<string>AppIcon</string>
				<key>CODE_SIGN_IDENTITY</key>
				<string>iPhone Developer</string>
				<key>GCC_PRECOMPILE_PREFIX_HEADER</key>
				<string>YES</string>
				<key>GCC_PREFIX_HEADER</key>
				<string>$(PROJECT_DIR)/Hypelist2point0/Hypelist2point0-PrefixHeader.pch</string>
				<key>INFOPLIST_FILE</key>
				<string>Hypelist2point0/Supporting Files/Info.plist</string>
				<key>IPHONEOS_DEPLOYMENT_TARGET</key>
				<string>8.0</string>
				<key>LD_RUNPATH_SEARCH_PATHS</key>
				<string>$(inherited) @executable_path/Frameworks</string>
				<key>PRODUCT_NAME</key>
				<string>$(TARGET_NAME)</string>
			</dict>
			<key>isa</key>
			<string>XCBuildConfiguration</string>
			<key>name</key>
			<string>Release</string>
		</dict>
		<key>2174A08A1B863F6A006826D7</key>
		<dict>
			<key>buildConfigurations</key>
			<array>
				<string>2174A08B1B863F6A006826D7</string>
				<string>2174A08C1B863F6A006826D7</string>
			</array>
			<key>defaultConfigurationIsVisible</key>
			<string>0</string>
			<key>defaultConfigurationName</key>
			<string>Release</string>
			<key>isa</key>
			<string>XCConfigurationList</string>
		</dict>
		<key>2174A08B1B863F6A006826D7</key>
		<dict>
			<key>baseConfigurationReference</key>
			<string>CB878AA95A320C00B4227BCE</string>
			<key>buildSettings</key>
			<dict>
				<key>BUNDLE_LOADER</key>
				<string>$(TEST_HOST)</string>
				<key>FRAMEWORK_SEARCH_PATHS</key>
				<array>
					<string>$(SDKROOT)/Developer/Library/Frameworks</string>
					<string>$(inherited)</string>
				</array>
				<key>GCC_PREPROCESSOR_DEFINITIONS</key>
				<array>
					<string>DEBUG=1</string>
					<string>$(inherited)</string>
				</array>
				<key>INFOPLIST_FILE</key>
				<string>Hypelist2point0Tests/Supporting Files/Info.plist</string>
				<key>LD_RUNPATH_SEARCH_PATHS</key>
				<string>$(inherited) @executable_path/Frameworks @loader_path/Frameworks</string>
				<key>PRODUCT_NAME</key>
				<string>$(TARGET_NAME)</string>
				<key>TEST_HOST</key>
				<string>$(BUILT_PRODUCTS_DIR)/Hypelist2point0.app/Hypelist2point0</string>
			</dict>
			<key>isa</key>
			<string>XCBuildConfiguration</string>
			<key>name</key>
			<string>Debug</string>
		</dict>
		<key>2174A08C1B863F6A006826D7</key>
		<dict>
			<key>baseConfigurationReference</key>
			<string>CD3467C7B268F167916C18BA</string>
			<key>buildSettings</key>
			<dict>
				<key>BUNDLE_LOADER</key>
				<string>$(TEST_HOST)</string>
				<key>FRAMEWORK_SEARCH_PATHS</key>
				<array>
					<string>$(SDKROOT)/Developer/Library/Frameworks</string>
					<string>$(inherited)</string>
				</array>
				<key>INFOPLIST_FILE</key>
				<string>Hypelist2point0Tests/Supporting Files/Info.plist</string>
				<key>LD_RUNPATH_SEARCH_PATHS</key>
				<string>$(inherited) @executable_path/Frameworks @loader_path/Frameworks</string>
				<key>PRODUCT_NAME</key>
				<string>$(TARGET_NAME)</string>
				<key>TEST_HOST</key>
				<string>$(BUILT_PRODUCTS_DIR)/Hypelist2point0.app/Hypelist2point0</string>
			</dict>
			<key>isa</key>
			<string>XCBuildConfiguration</string>
			<key>name</key>
			<string>Release</string>
		</dict>
		<key>21BDAE531B878104009D02A3</key>
		<dict>
			<key>fileEncoding</key>
			<string>4</string>
			<key>isa</key>
			<string>PBXFileReference</string>
			<key>lastKnownFileType</key>
			<string>sourcecode.c.h</string>
			<key>path</key>
			<string>THLParseUser.h</string>
			<key>sourceTree</key>
			<string>&lt;group&gt;</string>
		</dict>
		<key>21BDAE541B878104009D02A3</key>
		<dict>
			<key>fileEncoding</key>
			<string>4</string>
			<key>isa</key>
			<string>PBXFileReference</string>
			<key>lastKnownFileType</key>
			<string>sourcecode.c.objc</string>
			<key>path</key>
			<string>THLParseUser.m</string>
			<key>sourceTree</key>
			<string>&lt;group&gt;</string>
		</dict>
		<key>21BDAE551B878104009D02A3</key>
		<dict>
			<key>fileRef</key>
			<string>21BDAE541B878104009D02A3</string>
			<key>isa</key>
			<string>PBXBuildFile</string>
		</dict>
		<key>21BDAE561B878BD8009D02A3</key>
		<dict>
			<key>fileEncoding</key>
			<string>4</string>
			<key>isa</key>
			<string>PBXFileReference</string>
			<key>lastKnownFileType</key>
			<string>sourcecode.c.h</string>
			<key>path</key>
			<string>THLParseEvent.h</string>
			<key>sourceTree</key>
			<string>&lt;group&gt;</string>
		</dict>
		<key>21BDAE571B878BD8009D02A3</key>
		<dict>
			<key>fileEncoding</key>
			<string>4</string>
			<key>isa</key>
			<string>PBXFileReference</string>
			<key>lastKnownFileType</key>
			<string>sourcecode.c.objc</string>
			<key>path</key>
			<string>THLParseEvent.m</string>
			<key>sourceTree</key>
			<string>&lt;group&gt;</string>
		</dict>
		<key>21BDAE581B878BD8009D02A3</key>
		<dict>
			<key>fileRef</key>
			<string>21BDAE571B878BD8009D02A3</string>
			<key>isa</key>
			<string>PBXBuildFile</string>
		</dict>
		<key>21BDAE591B878C4D009D02A3</key>
		<dict>
			<key>fileEncoding</key>
			<string>4</string>
			<key>isa</key>
			<string>PBXFileReference</string>
			<key>lastKnownFileType</key>
			<string>sourcecode.c.h</string>
			<key>path</key>
			<string>THLParseLocation.h</string>
			<key>sourceTree</key>
			<string>&lt;group&gt;</string>
		</dict>
		<key>21BDAE5A1B878C4D009D02A3</key>
		<dict>
			<key>fileEncoding</key>
			<string>4</string>
			<key>isa</key>
			<string>PBXFileReference</string>
			<key>lastKnownFileType</key>
			<string>sourcecode.c.objc</string>
			<key>path</key>
			<string>THLParseLocation.m</string>
			<key>sourceTree</key>
			<string>&lt;group&gt;</string>
		</dict>
		<key>21BDAE5B1B878C4D009D02A3</key>
		<dict>
			<key>fileRef</key>
			<string>21BDAE5A1B878C4D009D02A3</string>
			<key>isa</key>
			<string>PBXBuildFile</string>
		</dict>
		<key>21BDAE5C1B878E0E009D02A3</key>
		<dict>
			<key>children</key>
			<array>
				<string>21EBFBFD1B87AE9F006646E9</string>
			</array>
			<key>isa</key>
			<string>PBXGroup</string>
			<key>path</key>
			<string>Modules</string>
			<key>sourceTree</key>
			<string>&lt;group&gt;</string>
		</dict>
		<key>21BDAE5D1B878E3A009D02A3</key>
		<dict>
			<key>isa</key>
			<string>PBXFileReference</string>
			<key>lastKnownFileType</key>
			<string>sourcecode.c.h</string>
			<key>path</key>
			<string>THLParseModule.h</string>
			<key>sourceTree</key>
			<string>&lt;group&gt;</string>
		</dict>
		<key>21BDAE5E1B878E47009D02A3</key>
		<dict>
			<key>fileEncoding</key>
			<string>4</string>
			<key>isa</key>
			<string>PBXFileReference</string>
			<key>lastKnownFileType</key>
			<string>sourcecode.c.h</string>
			<key>name</key>
			<string>THLParseMapper.h</string>
			<key>path</key>
			<string>THLParseMapper.h</string>
			<key>sourceTree</key>
			<string>&lt;group&gt;</string>
		</dict>
		<key>21BDAE5F1B878E47009D02A3</key>
		<dict>
			<key>fileEncoding</key>
			<string>4</string>
			<key>isa</key>
			<string>PBXFileReference</string>
			<key>lastKnownFileType</key>
			<string>sourcecode.c.objc</string>
			<key>name</key>
			<string>THLParseMapper.m</string>
			<key>path</key>
			<string>THLParseMapper.m</string>
			<key>sourceTree</key>
			<string>&lt;group&gt;</string>
		</dict>
		<key>21BDAE601B878E47009D02A3</key>
		<dict>
			<key>fileRef</key>
			<string>21BDAE5F1B878E47009D02A3</string>
			<key>isa</key>
			<string>PBXBuildFile</string>
		</dict>
		<key>21BDAE611B878F70009D02A3</key>
		<dict>
			<key>fileEncoding</key>
			<string>4</string>
			<key>isa</key>
			<string>PBXFileReference</string>
			<key>lastKnownFileType</key>
			<string>sourcecode.c.h</string>
			<key>path</key>
			<string>THLParsePromotion+ParseMapper.h</string>
			<key>sourceTree</key>
			<string>&lt;group&gt;</string>
		</dict>
		<key>21BDAE621B878F70009D02A3</key>
		<dict>
			<key>fileEncoding</key>
			<string>4</string>
			<key>isa</key>
			<string>PBXFileReference</string>
			<key>lastKnownFileType</key>
			<string>sourcecode.c.objc</string>
			<key>path</key>
			<string>THLParsePromotion+ParseMapper.m</string>
			<key>sourceTree</key>
			<string>&lt;group&gt;</string>
		</dict>
		<key>21BDAE631B878F70009D02A3</key>
		<dict>
			<key>fileRef</key>
			<string>21BDAE621B878F70009D02A3</string>
			<key>isa</key>
			<string>PBXBuildFile</string>
		</dict>
		<key>21BDAE641B878F7D009D02A3</key>
		<dict>
			<key>fileEncoding</key>
			<string>4</string>
			<key>isa</key>
			<string>PBXFileReference</string>
			<key>lastKnownFileType</key>
			<string>sourcecode.c.h</string>
			<key>path</key>
			<string>THLParseUser+ParseMapper.h</string>
			<key>sourceTree</key>
			<string>&lt;group&gt;</string>
		</dict>
		<key>21BDAE651B878F7D009D02A3</key>
		<dict>
			<key>fileEncoding</key>
			<string>4</string>
			<key>isa</key>
			<string>PBXFileReference</string>
			<key>lastKnownFileType</key>
			<string>sourcecode.c.objc</string>
			<key>path</key>
			<string>THLParseUser+ParseMapper.m</string>
			<key>sourceTree</key>
			<string>&lt;group&gt;</string>
		</dict>
		<key>21BDAE661B878F7D009D02A3</key>
		<dict>
			<key>fileRef</key>
			<string>21BDAE651B878F7D009D02A3</string>
			<key>isa</key>
			<string>PBXBuildFile</string>
		</dict>
		<key>21BDAE671B878F8C009D02A3</key>
		<dict>
			<key>fileEncoding</key>
			<string>4</string>
			<key>isa</key>
			<string>PBXFileReference</string>
			<key>lastKnownFileType</key>
			<string>sourcecode.c.h</string>
			<key>path</key>
			<string>THLParseEvent+ParseMapper.h</string>
			<key>sourceTree</key>
			<string>&lt;group&gt;</string>
		</dict>
		<key>21BDAE681B878F8C009D02A3</key>
		<dict>
			<key>fileEncoding</key>
			<string>4</string>
			<key>isa</key>
			<string>PBXFileReference</string>
			<key>lastKnownFileType</key>
			<string>sourcecode.c.objc</string>
			<key>path</key>
			<string>THLParseEvent+ParseMapper.m</string>
			<key>sourceTree</key>
			<string>&lt;group&gt;</string>
		</dict>
		<key>21BDAE691B878F8C009D02A3</key>
		<dict>
			<key>fileRef</key>
			<string>21BDAE681B878F8C009D02A3</string>
			<key>isa</key>
			<string>PBXBuildFile</string>
		</dict>
		<key>21BDAE6A1B878FA3009D02A3</key>
		<dict>
			<key>fileEncoding</key>
			<string>4</string>
			<key>isa</key>
			<string>PBXFileReference</string>
			<key>lastKnownFileType</key>
			<string>sourcecode.c.h</string>
			<key>path</key>
			<string>THLParseLocation+ParseMapper.h</string>
			<key>sourceTree</key>
			<string>&lt;group&gt;</string>
		</dict>
		<key>21BDAE6B1B878FA3009D02A3</key>
		<dict>
			<key>fileEncoding</key>
			<string>4</string>
			<key>isa</key>
			<string>PBXFileReference</string>
			<key>lastKnownFileType</key>
			<string>sourcecode.c.objc</string>
			<key>path</key>
			<string>THLParseLocation+ParseMapper.m</string>
			<key>sourceTree</key>
			<string>&lt;group&gt;</string>
		</dict>
		<key>21BDAE6C1B878FA3009D02A3</key>
		<dict>
			<key>fileRef</key>
			<string>21BDAE6B1B878FA3009D02A3</string>
			<key>isa</key>
			<string>PBXBuildFile</string>
		</dict>
		<key>21BDAE6D1B878FC2009D02A3</key>
		<dict>
			<key>children</key>
			<array>
				<string>21BDAE6F1B8790AE009D02A3</string>
				<string>21BDAE5E1B878E47009D02A3</string>
				<string>21BDAE5F1B878E47009D02A3</string>
				<string>21BDAE6E1B878FD2009D02A3</string>
			</array>
			<key>isa</key>
			<string>PBXGroup</string>
			<key>path</key>
			<string>Mapping Module</string>
			<key>sourceTree</key>
			<string>&lt;group&gt;</string>
		</dict>
		<key>21BDAE6E1B878FD2009D02A3</key>
		<dict>
			<key>children</key>
			<array>
				<string>21BDAE611B878F70009D02A3</string>
				<string>21BDAE621B878F70009D02A3</string>
				<string>21BDAE641B878F7D009D02A3</string>
				<string>21BDAE651B878F7D009D02A3</string>
				<string>21BDAE671B878F8C009D02A3</string>
				<string>21BDAE681B878F8C009D02A3</string>
				<string>21BDAE6A1B878FA3009D02A3</string>
				<string>21BDAE6B1B878FA3009D02A3</string>
			</array>
			<key>isa</key>
			<string>PBXGroup</string>
			<key>name</key>
			<string>Categories</string>
			<key>path</key>
			<string>Categories</string>
			<key>sourceTree</key>
			<string>&lt;group&gt;</string>
		</dict>
		<key>21BDAE6F1B8790AE009D02A3</key>
		<dict>
			<key>isa</key>
			<string>PBXFileReference</string>
			<key>lastKnownFileType</key>
			<string>sourcecode.c.h</string>
			<key>name</key>
			<string>THLParseMappingModule.h</string>
			<key>path</key>
			<string>THLParseMappingModule.h</string>
			<key>sourceTree</key>
			<string>&lt;group&gt;</string>
		</dict>
		<key>21BDAE701B879265009D02A3</key>
		<dict>
			<key>fileEncoding</key>
			<string>4</string>
			<key>isa</key>
			<string>PBXFileReference</string>
			<key>lastKnownFileType</key>
			<string>sourcecode.c.h</string>
			<key>path</key>
			<string>THLEntity.h</string>
			<key>sourceTree</key>
			<string>&lt;group&gt;</string>
		</dict>
		<key>21BDAE711B879265009D02A3</key>
		<dict>
			<key>fileEncoding</key>
			<string>4</string>
			<key>isa</key>
			<string>PBXFileReference</string>
			<key>lastKnownFileType</key>
			<string>sourcecode.c.objc</string>
			<key>path</key>
			<string>THLEntity.m</string>
			<key>sourceTree</key>
			<string>&lt;group&gt;</string>
		</dict>
		<key>21BDAE721B879265009D02A3</key>
		<dict>
			<key>fileRef</key>
			<string>21BDAE711B879265009D02A3</string>
			<key>isa</key>
			<string>PBXBuildFile</string>
		</dict>
		<key>21CCEDD11B87C24A0066CDAC</key>
		<dict>
			<key>children</key>
			<array>
				<string>21CCEDF71B87D0260066CDAC</string>
				<string>21CCEDF61B87CFFD0066CDAC</string>
				<string>2133BFCF1B877E80002C1DA9</string>
				<string>2133BFBB1B877B4F002C1DA9</string>
			</array>
			<key>isa</key>
			<string>PBXGroup</string>
			<key>name</key>
			<string>Models</string>
			<key>path</key>
			<string>Models</string>
			<key>sourceTree</key>
			<string>&lt;group&gt;</string>
		</dict>
		<key>21CCEDD21B87C27D0066CDAC</key>
		<dict>
			<key>children</key>
			<array>
				<string>21CCEDE31B87C7950066CDAC</string>
				<string>21CCEDEA1B87C90A0066CDAC</string>
				<string>21CCEDD41B87C2F60066CDAC</string>
				<string>21CCEDD51B87C2F60066CDAC</string>
				<string>21CCEDD71B87C49C0066CDAC</string>
				<string>21CCEDD81B87C49C0066CDAC</string>
				<string>21CCEDDA1B87C4AA0066CDAC</string>
				<string>21CCEDDB1B87C4AA0066CDAC</string>
				<string>21CCEDDD1B87C4B10066CDAC</string>
				<string>21CCEDDE1B87C4B10066CDAC</string>
			</array>
			<key>isa</key>
			<string>PBXGroup</string>
			<key>name</key>
			<string>Data Stores</string>
			<key>path</key>
			<string>Data Stores</string>
			<key>sourceTree</key>
			<string>&lt;group&gt;</string>
		</dict>
		<key>21CCEDD31B87C2D80066CDAC</key>
		<dict>
			<key>children</key>
			<array>
				<string>21BDAE701B879265009D02A3</string>
				<string>21BDAE711B879265009D02A3</string>
			</array>
			<key>isa</key>
			<string>PBXGroup</string>
			<key>name</key>
			<string>Base Class</string>
			<key>path</key>
			<string>Base Class</string>
			<key>sourceTree</key>
			<string>&lt;group&gt;</string>
		</dict>
		<key>21CCEDD41B87C2F60066CDAC</key>
		<dict>
			<key>fileEncoding</key>
			<string>4</string>
			<key>isa</key>
			<string>PBXFileReference</string>
			<key>lastKnownFileType</key>
			<string>sourcecode.c.h</string>
			<key>path</key>
			<string>THLPromotionDataStore.h</string>
			<key>sourceTree</key>
			<string>&lt;group&gt;</string>
		</dict>
		<key>21CCEDD51B87C2F60066CDAC</key>
		<dict>
			<key>fileEncoding</key>
			<string>4</string>
			<key>isa</key>
			<string>PBXFileReference</string>
			<key>lastKnownFileType</key>
			<string>sourcecode.c.objc</string>
			<key>path</key>
			<string>THLPromotionDataStore.m</string>
			<key>sourceTree</key>
			<string>&lt;group&gt;</string>
		</dict>
		<key>21CCEDD61B87C2F60066CDAC</key>
		<dict>
			<key>fileRef</key>
			<string>21CCEDD51B87C2F60066CDAC</string>
			<key>isa</key>
			<string>PBXBuildFile</string>
		</dict>
		<key>21CCEDD71B87C49C0066CDAC</key>
		<dict>
			<key>fileEncoding</key>
			<string>4</string>
			<key>isa</key>
			<string>PBXFileReference</string>
			<key>lastKnownFileType</key>
			<string>sourcecode.c.h</string>
			<key>path</key>
			<string>THLEventDataStore.h</string>
			<key>sourceTree</key>
			<string>&lt;group&gt;</string>
		</dict>
		<key>21CCEDD81B87C49C0066CDAC</key>
		<dict>
			<key>fileEncoding</key>
			<string>4</string>
			<key>isa</key>
			<string>PBXFileReference</string>
			<key>lastKnownFileType</key>
			<string>sourcecode.c.objc</string>
			<key>path</key>
			<string>THLEventDataStore.m</string>
			<key>sourceTree</key>
			<string>&lt;group&gt;</string>
		</dict>
		<key>21CCEDD91B87C49C0066CDAC</key>
		<dict>
			<key>fileRef</key>
			<string>21CCEDD81B87C49C0066CDAC</string>
			<key>isa</key>
			<string>PBXBuildFile</string>
		</dict>
		<key>21CCEDDA1B87C4AA0066CDAC</key>
		<dict>
			<key>fileEncoding</key>
			<string>4</string>
			<key>isa</key>
			<string>PBXFileReference</string>
			<key>lastKnownFileType</key>
			<string>sourcecode.c.h</string>
			<key>path</key>
			<string>THLGuestDataStore.h</string>
			<key>sourceTree</key>
			<string>&lt;group&gt;</string>
		</dict>
		<key>21CCEDDB1B87C4AA0066CDAC</key>
		<dict>
			<key>fileEncoding</key>
			<string>4</string>
			<key>isa</key>
			<string>PBXFileReference</string>
			<key>lastKnownFileType</key>
			<string>sourcecode.c.objc</string>
			<key>path</key>
			<string>THLGuestDataStore.m</string>
			<key>sourceTree</key>
			<string>&lt;group&gt;</string>
		</dict>
		<key>21CCEDDC1B87C4AA0066CDAC</key>
		<dict>
			<key>fileRef</key>
			<string>21CCEDDB1B87C4AA0066CDAC</string>
			<key>isa</key>
			<string>PBXBuildFile</string>
		</dict>
		<key>21CCEDDD1B87C4B10066CDAC</key>
		<dict>
			<key>fileEncoding</key>
			<string>4</string>
			<key>isa</key>
			<string>PBXFileReference</string>
			<key>lastKnownFileType</key>
			<string>sourcecode.c.h</string>
			<key>path</key>
			<string>THLHostDataStore.h</string>
			<key>sourceTree</key>
			<string>&lt;group&gt;</string>
		</dict>
		<key>21CCEDDE1B87C4B10066CDAC</key>
		<dict>
			<key>fileEncoding</key>
			<string>4</string>
			<key>isa</key>
			<string>PBXFileReference</string>
			<key>lastKnownFileType</key>
			<string>sourcecode.c.objc</string>
			<key>path</key>
			<string>THLHostDataStore.m</string>
			<key>sourceTree</key>
			<string>&lt;group&gt;</string>
		</dict>
		<key>21CCEDDF1B87C4B10066CDAC</key>
		<dict>
			<key>fileRef</key>
			<string>21CCEDDE1B87C4B10066CDAC</string>
			<key>isa</key>
			<string>PBXBuildFile</string>
		</dict>
		<key>21CCEDE01B87C62F0066CDAC</key>
		<dict>
			<key>fileEncoding</key>
			<string>4</string>
			<key>isa</key>
			<string>PBXFileReference</string>
			<key>lastKnownFileType</key>
			<string>sourcecode.c.h</string>
			<key>path</key>
			<string>THLDatabaseManager.h</string>
			<key>sourceTree</key>
			<string>&lt;group&gt;</string>
		</dict>
		<key>21CCEDE11B87C62F0066CDAC</key>
		<dict>
			<key>fileEncoding</key>
			<string>4</string>
			<key>isa</key>
			<string>PBXFileReference</string>
			<key>lastKnownFileType</key>
			<string>sourcecode.c.objc</string>
			<key>path</key>
			<string>THLDatabaseManager.m</string>
			<key>sourceTree</key>
			<string>&lt;group&gt;</string>
		</dict>
		<key>21CCEDE21B87C62F0066CDAC</key>
		<dict>
			<key>fileRef</key>
			<string>21CCEDE11B87C62F0066CDAC</string>
			<key>isa</key>
			<string>PBXBuildFile</string>
		</dict>
		<key>21CCEDE31B87C7950066CDAC</key>
		<dict>
			<key>children</key>
			<array>
				<string>21CCEDE01B87C62F0066CDAC</string>
				<string>21CCEDE11B87C62F0066CDAC</string>
			</array>
			<key>isa</key>
			<string>PBXGroup</string>
			<key>name</key>
			<string>Database Manager</string>
			<key>path</key>
			<string>Database Manager</string>
			<key>sourceTree</key>
			<string>&lt;group&gt;</string>
		</dict>
		<key>21CCEDE71B87C87B0066CDAC</key>
		<dict>
			<key>fileEncoding</key>
			<string>4</string>
			<key>isa</key>
			<string>PBXFileReference</string>
			<key>lastKnownFileType</key>
			<string>sourcecode.c.h</string>
			<key>path</key>
			<string>THLDataStore.h</string>
			<key>sourceTree</key>
			<string>&lt;group&gt;</string>
		</dict>
		<key>21CCEDE81B87C87B0066CDAC</key>
		<dict>
			<key>fileEncoding</key>
			<string>4</string>
			<key>isa</key>
			<string>PBXFileReference</string>
			<key>lastKnownFileType</key>
			<string>sourcecode.c.objc</string>
			<key>path</key>
			<string>THLDataStore.m</string>
			<key>sourceTree</key>
			<string>&lt;group&gt;</string>
		</dict>
		<key>21CCEDE91B87C87B0066CDAC</key>
		<dict>
			<key>fileRef</key>
			<string>21CCEDE81B87C87B0066CDAC</string>
			<key>isa</key>
			<string>PBXBuildFile</string>
		</dict>
		<key>21CCEDEA1B87C90A0066CDAC</key>
		<dict>
			<key>children</key>
			<array>
				<string>21CCEDE71B87C87B0066CDAC</string>
				<string>21CCEDE81B87C87B0066CDAC</string>
			</array>
			<key>isa</key>
			<string>PBXGroup</string>
			<key>name</key>
			<string>Base Class</string>
			<key>path</key>
			<string>Base Class</string>
			<key>sourceTree</key>
			<string>&lt;group&gt;</string>
		</dict>
		<key>21CCEDEB1B87CDD00066CDAC</key>
		<dict>
			<key>children</key>
			<array>
				<string>21CCEDEF1B87CE210066CDAC</string>
			</array>
			<key>isa</key>
			<string>PBXGroup</string>
			<key>name</key>
			<string>Services</string>
			<key>path</key>
			<string>Services</string>
			<key>sourceTree</key>
			<string>&lt;group&gt;</string>
		</dict>
		<key>21CCEDEC1B87CE1C0066CDAC</key>
		<dict>
			<key>fileEncoding</key>
			<string>4</string>
			<key>isa</key>
			<string>PBXFileReference</string>
			<key>lastKnownFileType</key>
			<string>sourcecode.c.h</string>
			<key>path</key>
			<string>THLEventFetchService.h</string>
			<key>sourceTree</key>
			<string>&lt;group&gt;</string>
		</dict>
		<key>21CCEDED1B87CE1C0066CDAC</key>
		<dict>
			<key>fileEncoding</key>
			<string>4</string>
			<key>isa</key>
			<string>PBXFileReference</string>
			<key>lastKnownFileType</key>
			<string>sourcecode.c.objc</string>
			<key>path</key>
			<string>THLEventFetchService.m</string>
			<key>sourceTree</key>
			<string>&lt;group&gt;</string>
		</dict>
		<key>21CCEDEE1B87CE1C0066CDAC</key>
		<dict>
			<key>fileRef</key>
			<string>21CCEDED1B87CE1C0066CDAC</string>
			<key>isa</key>
			<string>PBXBuildFile</string>
		</dict>
		<key>21CCEDEF1B87CE210066CDAC</key>
		<dict>
			<key>children</key>
			<array>
				<string>21CCEDF01B87CF200066CDAC</string>
				<string>21CCEDEC1B87CE1C0066CDAC</string>
				<string>21CCEDED1B87CE1C0066CDAC</string>
			</array>
			<key>isa</key>
			<string>PBXGroup</string>
			<key>name</key>
			<string>Fetching</string>
			<key>path</key>
			<string>Fetching</string>
			<key>sourceTree</key>
			<string>&lt;group&gt;</string>
		</dict>
		<key>21CCEDF01B87CF200066CDAC</key>
		<dict>
			<key>isa</key>
			<string>PBXFileReference</string>
			<key>lastKnownFileType</key>
			<string>sourcecode.c.h</string>
			<key>path</key>
			<string>THLFetchService.h</string>
			<key>sourceTree</key>
			<string>&lt;group&gt;</string>
		</dict>
		<key>21CCEDF11B87CF7F0066CDAC</key>
		<dict>
			<key>children</key>
			<array>
				<string>21CCEDF21B87CF8A0066CDAC</string>
				<string>21CCEDF31B87CFCB0066CDAC</string>
				<string>21CCEDF41B87CFCB0066CDAC</string>
				<string>21CCEDFB1B87D5DF0066CDAC</string>
			</array>
			<key>isa</key>
			<string>PBXGroup</string>
			<key>name</key>
			<string>Query Module</string>
			<key>path</key>
			<string>Query Module</string>
			<key>sourceTree</key>
			<string>&lt;group&gt;</string>
		</dict>
		<key>21CCEDF21B87CF8A0066CDAC</key>
		<dict>
			<key>isa</key>
			<string>PBXFileReference</string>
			<key>lastKnownFileType</key>
			<string>sourcecode.c.h</string>
			<key>path</key>
			<string>THLParseQueryModule.h</string>
			<key>sourceTree</key>
			<string>&lt;group&gt;</string>
		</dict>
		<key>21CCEDF31B87CFCB0066CDAC</key>
		<dict>
			<key>fileEncoding</key>
			<string>4</string>
			<key>isa</key>
			<string>PBXFileReference</string>
			<key>lastKnownFileType</key>
			<string>sourcecode.c.h</string>
			<key>path</key>
			<string>THLParseQueryFactory.h</string>
			<key>sourceTree</key>
			<string>&lt;group&gt;</string>
		</dict>
		<key>21CCEDF41B87CFCB0066CDAC</key>
		<dict>
			<key>fileEncoding</key>
			<string>4</string>
			<key>isa</key>
			<string>PBXFileReference</string>
			<key>lastKnownFileType</key>
			<string>sourcecode.c.objc</string>
			<key>path</key>
			<string>THLParseQueryFactory.m</string>
			<key>sourceTree</key>
			<string>&lt;group&gt;</string>
		</dict>
		<key>21CCEDF51B87CFCB0066CDAC</key>
		<dict>
			<key>fileRef</key>
			<string>21CCEDF41B87CFCB0066CDAC</string>
			<key>isa</key>
			<string>PBXBuildFile</string>
		</dict>
		<key>21CCEDF61B87CFFD0066CDAC</key>
		<dict>
			<key>isa</key>
			<string>PBXFileReference</string>
			<key>lastKnownFileType</key>
			<string>sourcecode.c.h</string>
			<key>name</key>
			<string>THLParseModels.h</string>
			<key>path</key>
			<string>THLParseModels.h</string>
			<key>sourceTree</key>
			<string>&lt;group&gt;</string>
		</dict>
		<key>21CCEDF71B87D0260066CDAC</key>
		<dict>
			<key>isa</key>
			<string>PBXFileReference</string>
			<key>lastKnownFileType</key>
			<string>sourcecode.c.h</string>
			<key>name</key>
			<string>THLLocalModels.h</string>
			<key>path</key>
			<string>THLLocalModels.h</string>
			<key>sourceTree</key>
			<string>&lt;group&gt;</string>
		</dict>
		<key>21CCEDF81B87D5060066CDAC</key>
		<dict>
			<key>fileEncoding</key>
			<string>4</string>
			<key>isa</key>
			<string>PBXFileReference</string>
			<key>lastKnownFileType</key>
			<string>sourcecode.c.h</string>
			<key>path</key>
			<string>PFObject+MatchingQuery.h</string>
			<key>sourceTree</key>
			<string>&lt;group&gt;</string>
		</dict>
		<key>21CCEDF91B87D5060066CDAC</key>
		<dict>
			<key>fileEncoding</key>
			<string>4</string>
			<key>isa</key>
			<string>PBXFileReference</string>
			<key>lastKnownFileType</key>
			<string>sourcecode.c.objc</string>
			<key>path</key>
			<string>PFObject+MatchingQuery.m</string>
			<key>sourceTree</key>
			<string>&lt;group&gt;</string>
		</dict>
		<key>21CCEDFA1B87D5060066CDAC</key>
		<dict>
			<key>fileRef</key>
			<string>21CCEDF91B87D5060066CDAC</string>
			<key>isa</key>
			<string>PBXBuildFile</string>
		</dict>
		<key>21CCEDFB1B87D5DF0066CDAC</key>
		<dict>
			<key>children</key>
			<array>
				<string>21CCEDF81B87D5060066CDAC</string>
				<string>21CCEDF91B87D5060066CDAC</string>
			</array>
			<key>isa</key>
			<string>PBXGroup</string>
			<key>name</key>
			<string>MatchingQuery Category</string>
			<key>path</key>
			<string>MatchingQuery Category</string>
			<key>sourceTree</key>
			<string>&lt;group&gt;</string>
		</dict>
		<key>21CCEDFC1B87D7350066CDAC</key>
		<dict>
			<key>isa</key>
			<string>PBXFileReference</string>
			<key>lastKnownFileType</key>
			<string>sourcecode.c.h</string>
			<key>name</key>
			<string>Hypelist2point0-PrefixHeader.pch</string>
			<key>path</key>
			<string>Hypelist2point0-PrefixHeader.pch</string>
			<key>sourceTree</key>
			<string>&lt;group&gt;</string>
		</dict>
		<key>21CCEDFD1B87D9380066CDAC</key>
		<dict>
			<key>children</key>
			<array>
				<string>21CCEDFE1B87D9560066CDAC</string>
				<string>21CCEDFF1B87D9560066CDAC</string>
			</array>
			<key>isa</key>
			<string>PBXGroup</string>
			<key>name</key>
			<string>Data Managers</string>
			<key>path</key>
			<string>Data Managers</string>
			<key>sourceTree</key>
			<string>&lt;group&gt;</string>
		</dict>
		<key>21CCEDFE1B87D9560066CDAC</key>
		<dict>
			<key>fileEncoding</key>
			<string>4</string>
			<key>isa</key>
			<string>PBXFileReference</string>
			<key>lastKnownFileType</key>
			<string>sourcecode.c.h</string>
			<key>path</key>
			<string>THLEventDataManager.h</string>
			<key>sourceTree</key>
			<string>&lt;group&gt;</string>
		</dict>
		<key>21CCEDFF1B87D9560066CDAC</key>
		<dict>
			<key>fileEncoding</key>
			<string>4</string>
			<key>isa</key>
			<string>PBXFileReference</string>
			<key>lastKnownFileType</key>
			<string>sourcecode.c.objc</string>
			<key>path</key>
			<string>THLEventDataManager.m</string>
			<key>sourceTree</key>
			<string>&lt;group&gt;</string>
		</dict>
		<key>21CCEE001B87D9560066CDAC</key>
		<dict>
			<key>fileRef</key>
			<string>21CCEDFF1B87D9560066CDAC</string>
			<key>isa</key>
			<string>PBXBuildFile</string>
		</dict>
		<key>21EBFBFD1B87AE9F006646E9</key>
		<dict>
			<key>children</key>
			<array>
				<string>21BDAE5D1B878E3A009D02A3</string>
				<string>21CCEDF11B87CF7F0066CDAC</string>
				<string>21BDAE6D1B878FC2009D02A3</string>
			</array>
			<key>isa</key>
			<string>PBXGroup</string>
			<key>path</key>
			<string>Parse Module</string>
			<key>sourceTree</key>
			<string>&lt;group&gt;</string>
		</dict>
		<key>3BBEDA8F8F68D4810546056C</key>
		<dict>
			<key>buildActionMask</key>
			<string>2147483647</string>
			<key>files</key>
			<array/>
			<key>inputPaths</key>
			<array/>
			<key>isa</key>
			<string>PBXShellScriptBuildPhase</string>
			<key>name</key>
			<string>Copy Pods Resources</string>
			<key>outputPaths</key>
			<array/>
			<key>runOnlyForDeploymentPostprocessing</key>
			<string>0</string>
			<key>shellPath</key>
			<string>/bin/sh</string>
			<key>shellScript</key>
			<string>"${SRCROOT}/Pods/Target Support Files/Pods-Hypelist2point0Tests/Pods-Hypelist2point0Tests-resources.sh"
</string>
			<key>showEnvVarsInLog</key>
			<string>0</string>
		</dict>
		<key>6FEE326EF98C94C7EA7C32B9</key>
		<dict>
			<key>buildActionMask</key>
			<string>2147483647</string>
			<key>files</key>
			<array/>
			<key>inputPaths</key>
			<array/>
			<key>isa</key>
			<string>PBXShellScriptBuildPhase</string>
			<key>name</key>
			<string>Check Pods Manifest.lock</string>
			<key>outputPaths</key>
			<array/>
			<key>runOnlyForDeploymentPostprocessing</key>
			<string>0</string>
			<key>shellPath</key>
			<string>/bin/sh</string>
			<key>shellScript</key>
			<string>diff "${PODS_ROOT}/../Podfile.lock" "${PODS_ROOT}/Manifest.lock" &gt; /dev/null
if [[ $? != 0 ]] ; then
    cat &lt;&lt; EOM
error: The sandbox is not in sync with the Podfile.lock. Run 'pod install' or update your CocoaPods installation.
EOM
    exit 1
fi
</string>
			<key>showEnvVarsInLog</key>
			<string>0</string>
		</dict>
		<key>70242A51DBC534988B8EA34F</key>
		<dict>
			<key>children</key>
			<array>
				<string>BA51F1731F25286C41A13B20</string>
				<string>C6B634BC51A4BB10D6261492</string>
				<string>CB878AA95A320C00B4227BCE</string>
				<string>CD3467C7B268F167916C18BA</string>
			</array>
			<key>isa</key>
			<string>PBXGroup</string>
			<key>name</key>
			<string>Pods</string>
			<key>sourceTree</key>
			<string>&lt;group&gt;</string>
		</dict>
		<key>B771256D2B58EBFF817CDC12</key>
		<dict>
			<key>fileRef</key>
			<string>D059D2904940E14B1AF40EE3</string>
			<key>isa</key>
			<string>PBXBuildFile</string>
		</dict>
		<key>BA51F1731F25286C41A13B20</key>
		<dict>
			<key>includeInIndex</key>
			<string>1</string>
			<key>isa</key>
			<string>PBXFileReference</string>
			<key>lastKnownFileType</key>
			<string>text.xcconfig</string>
			<key>name</key>
			<string>Pods-Hypelist2point0.debug.xcconfig</string>
			<key>path</key>
			<string>Pods/Target Support Files/Pods-Hypelist2point0/Pods-Hypelist2point0.debug.xcconfig</string>
			<key>sourceTree</key>
			<string>&lt;group&gt;</string>
		</dict>
		<key>C6B634BC51A4BB10D6261492</key>
		<dict>
			<key>includeInIndex</key>
			<string>1</string>
			<key>isa</key>
			<string>PBXFileReference</string>
			<key>lastKnownFileType</key>
			<string>text.xcconfig</string>
			<key>name</key>
			<string>Pods-Hypelist2point0.release.xcconfig</string>
			<key>path</key>
			<string>Pods/Target Support Files/Pods-Hypelist2point0/Pods-Hypelist2point0.release.xcconfig</string>
			<key>sourceTree</key>
			<string>&lt;group&gt;</string>
		</dict>
		<key>CB878AA95A320C00B4227BCE</key>
		<dict>
			<key>includeInIndex</key>
			<string>1</string>
			<key>isa</key>
			<string>PBXFileReference</string>
			<key>lastKnownFileType</key>
			<string>text.xcconfig</string>
			<key>name</key>
			<string>Pods-Hypelist2point0Tests.debug.xcconfig</string>
			<key>path</key>
			<string>Pods/Target Support Files/Pods-Hypelist2point0Tests/Pods-Hypelist2point0Tests.debug.xcconfig</string>
			<key>sourceTree</key>
			<string>&lt;group&gt;</string>
		</dict>
		<key>CD3467C7B268F167916C18BA</key>
		<dict>
			<key>includeInIndex</key>
			<string>1</string>
			<key>isa</key>
			<string>PBXFileReference</string>
			<key>lastKnownFileType</key>
			<string>text.xcconfig</string>
			<key>name</key>
			<string>Pods-Hypelist2point0Tests.release.xcconfig</string>
			<key>path</key>
			<string>Pods/Target Support Files/Pods-Hypelist2point0Tests/Pods-Hypelist2point0Tests.release.xcconfig</string>
			<key>sourceTree</key>
			<string>&lt;group&gt;</string>
		</dict>
		<key>D059D2904940E14B1AF40EE3</key>
		<dict>
			<key>explicitFileType</key>
			<string>archive.ar</string>
			<key>includeInIndex</key>
			<string>0</string>
			<key>isa</key>
			<string>PBXFileReference</string>
			<key>path</key>
			<string>libPods-Hypelist2point0.a</string>
			<key>sourceTree</key>
			<string>BUILT_PRODUCTS_DIR</string>
		</dict>
		<key>D6FD0F92FFA5D74C85804729</key>
		<dict>
			<key>fileRef</key>
			<string>0373A993FBE4FB590855BC00</string>
			<key>isa</key>
			<string>PBXBuildFile</string>
		</dict>
		<key>D86684AEA6207E01201FB42F</key>
		<dict>
			<key>buildActionMask</key>
			<string>2147483647</string>
			<key>files</key>
			<array/>
			<key>inputPaths</key>
			<array/>
			<key>isa</key>
			<string>PBXShellScriptBuildPhase</string>
			<key>name</key>
			<string>Copy Pods Resources</string>
			<key>outputPaths</key>
			<array/>
			<key>runOnlyForDeploymentPostprocessing</key>
			<string>0</string>
			<key>shellPath</key>
			<string>/bin/sh</string>
			<key>shellScript</key>
			<string>"${SRCROOT}/Pods/Target Support Files/Pods-Hypelist2point0/Pods-Hypelist2point0-resources.sh"
</string>
			<key>showEnvVarsInLog</key>
			<string>0</string>
		</dict>
		<key>EB85E791A1ECFA32CCA9B09E</key>
		<dict>
			<key>buildActionMask</key>
			<string>2147483647</string>
			<key>files</key>
			<array/>
			<key>inputPaths</key>
			<array/>
			<key>isa</key>
			<string>PBXShellScriptBuildPhase</string>
			<key>name</key>
			<string>Check Pods Manifest.lock</string>
			<key>outputPaths</key>
			<array/>
			<key>runOnlyForDeploymentPostprocessing</key>
			<string>0</string>
			<key>shellPath</key>
			<string>/bin/sh</string>
			<key>shellScript</key>
			<string>diff "${PODS_ROOT}/../Podfile.lock" "${PODS_ROOT}/Manifest.lock" &gt; /dev/null
if [[ $? != 0 ]] ; then
    cat &lt;&lt; EOM
error: The sandbox is not in sync with the Podfile.lock. Run 'pod install' or update your CocoaPods installation.
EOM
    exit 1
fi
</string>
			<key>showEnvVarsInLog</key>
			<string>0</string>
		</dict>
		<key>F3E081FDB7C0DB50ADEBB991</key>
		<dict>
			<key>children</key>
			<array>
				<string>D059D2904940E14B1AF40EE3</string>
				<string>0373A993FBE4FB590855BC00</string>
			</array>
			<key>isa</key>
			<string>PBXGroup</string>
			<key>name</key>
			<string>Frameworks</string>
			<key>sourceTree</key>
			<string>&lt;group&gt;</string>
		</dict>
	</dict>
	<key>rootObject</key>
	<string>2174A05C1B863F6A006826D7</string>
</dict>
</plist>
